<?xml version="1.0" encoding="UTF-8" standalone="yes" ?>
<CodeBlocks_project_file>
	<FileVersion major="1" minor="6" />
	<Project>
		<Option title="CB_core_wx30ud" />
		<Option default_target="src" />
		<Option compiler="gcc" />
		<Build>
			<Target title="tinyXML">
				<Option output="../src/base/tinyxml/txml$(WX_VERSION)$(WX_SUFFIX)" prefix_auto="1" extension_auto="1" />
				<Option working_dir="" />
				<Option type="2" />
				<Option compiler="gcc" />
				<Compiler>
					<Add directory="include/tinyxml" />
				</Compiler>
			</Target>
			<Target title="AutoRevision">
				<Option output="../src/build_tools/autorevision/autorevision" prefix_auto="1" extension_auto="1" />
				<Option object_output=".objs_autorevision" />
				<Option type="1" />
				<Option compiler="gcc" />
				<Option projectLinkerOptionsRelation="1" />
				<Compiler>
					<Add directory="../src/include" />
				</Compiler>
				<Linker>
					<Add option="-s" />
					<Add directory="base/tinyxml" />
				</Linker>
			</Target>
			<Target title="ConsoleRunner">
				<Option output="../src/tools/ConsoleRunner/cb_console_runner30" prefix_auto="1" extension_auto="1" />
				<Option working_dir="../src/tools/ConsoleRunner" />
				<Option object_output=".objs$(WX_VERSION)$(WX_SUFFIX)" />
				<Option type="1" />
				<Option compiler="gcc" />
				<Option projectLinkerOptionsRelation="1" />
				<Compiler>
					<Add option="-Os" />
				</Compiler>
			</Target>
			<Target title="Squirrel">
				<Option output="../src/sdk/scripting/lib/squirrel$(WX_VERSION)$(WX_SUFFIX)" prefix_auto="1" extension_auto="1" />
				<Option working_dir="" />
				<Option object_output=".objs$(WX_VERSION)$(WX_SUFFIX)" />
				<Option type="2" />
				<Option compiler="gcc" />
				<Compiler>
					<Add option="-fno-inline" />
					<Add directory="../src/include/scripting/include" />
					<Add directory="../src/include/scripting/squirrel" />
				</Compiler>
			</Target>
			<Target title="Squirrel std lib">
				<Option output="../src/sdk/scripting/lib/sqstdlib$(WX_VERSION)$(WX_SUFFIX)" prefix_auto="1" extension_auto="1" />
				<Option working_dir="" />
				<Option object_output=".objs$(WX_VERSION)$(WX_SUFFIX)" />
				<Option external_deps="sdk/scripting/lib/libsquirrel30.a;" />
				<Option type="2" />
				<Option compiler="gcc" />
				<Compiler>
					<Add option="-fno-inline" />
					<Add directory="../src/include/scripting/include" />
					<Add directory="../src/include/scripting/sqstdlib" />
				</Compiler>
			</Target>
			<Target title="SqPlus">
				<Option output="../src/sdk/scripting/lib/sqplus$(WX_VERSION)$(WX_SUFFIX)" prefix_auto="1" extension_auto="1" />
				<Option working_dir="" />
				<Option object_output=".objs$(WX_VERSION)$(WX_SUFFIX)" />
				<Option external_deps="sdk/scripting/lib/libsquirrel30.a;sdk/scripting/lib/libsqstdlib30.a;" />
				<Option type="2" />
				<Option compiler="gcc" />
				<Compiler>
					<Add option="-fno-inline" />
					<Add directory="../src/include/scripting/include" />
					<Add directory="../src/include/scripting/sqplus" />
				</Compiler>
			</Target>
			<Target title="scintilla">
				<Option output="../src/sdk/wxscintilla/lib/wxscintilla_cb$(WX_VERSION)$(WX_SUFFIX)" prefix_auto="1" extension_auto="1" />
				<Option working_dir="" />
				<Option object_output=".objs$(WX_VERSION)$(WX_SUFFIX)" />
				<Option type="2" />
				<Option compiler="gcc" />
				<Compiler>
					<Add option="-D__WX__" />
					<Add option="-DWINVER=0x0501" />
					<Add option="-DLINK_LEXERS" />
					<Add option="-DSCI_LEXER" />
					<Add option="-DWXMAKINGDLL_SCI" />
					<Add directory="../src/sdk/wxscintilla/src/scintilla/include" />
					<Add directory="../src/sdk/wxscintilla/src/scintilla/src" />
					<Add directory="../src/sdk/wxscintilla/src/scintilla/lexlib" />
				</Compiler>
				<ResourceCompiler>
					<Add directory="sdk/wxscintilla/include" />
				</ResourceCompiler>
				<Linker>
					<Add option="-Wl,--enable-auto-image-base" />
					<Add option="-Wl,--add-stdcall-alias" />
					<Add option="-Wl,--enable-auto-import" />
					<Add option="-Wl,--no-undefined" />
					<Add library="gdi32" />
				</Linker>
			</Target>
			<Target title="sdk">
				<Option output="bin$(WX_VERSION)$(WX_SUFFIX)/codeblocks" imp_lib="lib$(WX_VERSION)$(WX_SUFFIX)/$(TARGET_OUTPUT_BASENAME)" def_file="$(TARGET_OUTPUT_DIR)$(TARGET_OUTPUT_BASENAME)" prefix_auto="1" extension_auto="1" />
				<Option working_dir="devel30" />
				<Option object_output=".objs$(WX_VERSION)$(WX_SUFFIX)" />
				<Option external_deps="base/tinyxml/libtxml30.a;sdk/scripting/lib/libsquirrel30.a;sdk/scripting/lib/libsqstdlib30.a;sdk/scripting/lib/libsqplus30.a;devel30/libwxscintilla_cb.a;" />
				<Option type="3" />
				<Option compiler="gcc" />
				<Option parameters="--debug-log --no-dde --no-check-associations --multiple-instance --verbose -p debug" />
				<Option createStaticLib="1" />
				<Option projectLinkerOptionsRelation="2" />
				<Compiler>
					<Add option="-Woverloaded-virtual" />
					<Add option="-DEXPORT_LIB" />
					<Add option="-DEXPORT_EVENTS" />
					<Add option="-DWXMAKINGDLL_SCI" />
					<Add directory="../src/include" />
					<Add directory="../src/include/tinyxml" />
					<Add directory="../src/include/scripting/bindings" />
					<Add directory="../src/include/scripting/include" />
					<Add directory="../src/include/scripting/sqplus" />
					<Add directory="../src/include/mozilla_chardet" />
					<Add directory="../src/include/mozilla_chardet/mfbt" />
					<Add directory="../src/include/mozilla_chardet/nsprpub/pr/include" />
					<Add directory="../src/include/mozilla_chardet/xpcom" />
					<Add directory="../src/include/mozilla_chardet/xpcom/base" />
					<Add directory="../src/include/mozilla_chardet/xpcom/glue" />
				</Compiler>
				<Linker>
					<Add option="-Wl,--enable-auto-image-base" />
					<Add option="-Wl,--export-all-symbols" />
					<Add option="-Wl,--add-stdcall-alias" />
					<Add option="-Wl,--enable-auto-import" />
					<Add option="-Wl,--no-undefined" />
					<Add library="shfolder" />
					<Add library="txml$(WX_VERSION)$(WX_SUFFIX)" />
					<Add library="wxscintilla_cb$(WX_VERSION)$(WX_SUFFIX)" />
					<Add library="sqplus$(WX_VERSION)$(WX_SUFFIX)" />
					<Add library="sqstdlib$(WX_VERSION)$(WX_SUFFIX)" />
					<Add library="squirrel$(WX_VERSION)$(WX_SUFFIX)" />
					<Add library="gdi32" />
					<Add directory="lib$(WX_VERSION)$(WX_SUFFIX)" />
					<Add directory="../src/sdk/wxscintilla/lib" />
					<Add directory="../src/sdk/scripting/lib" />
					<Add directory="../src/base/tinyxml" />
				</Linker>
				<ExtraCommands>
					<Add before='cmd /c cd &quot;..\src&quot; &amp; build_tools\autorevision\autorevision +wx +int +t . include/autorevision.h' />
					<Add after="cmd /c if not exist bin$(WX_VERSION)$(WX_SUFFIX)\share\CodeBlocks mkdir bin$(WX_VERSION)$(WX_SUFFIX)\share\CodeBlocks" />
					<Add after="zip -jq9 bin$(WX_VERSION)$(WX_SUFFIX)\share\CodeBlocks\manager_resources.zip ..\src\sdk\resources\*.xrc" />
					<Add after='cmd /c cd &quot;..\src&quot; &amp; cd sdk\resources &amp; zip -0 -q ..\..\..\TimS_build\bin$(WX_VERSION)$(WX_SUFFIX)\share\CodeBlocks\manager_resources.zip images\*.png images\12x12\*.png images\16x16\*.png' />
					<Mode after="always" />
				</ExtraCommands>
			</Target>
			<Target title="src">
				<Option output="bin$(WX_VERSION)$(WX_SUFFIX)/codeblocks" prefix_auto="1" extension_auto="1" />
				<Option working_dir="devel30" />
				<Option object_output=".objs$(WX_VERSION)$(WX_SUFFIX)" />
				<Option external_deps="devel30/libcodeblocks.a;" />
				<Option type="0" />
				<Option compiler="gcc" />
				<Option parameters="--debug-log --no-dde --no-check-associations --multiple-instance --no-splash-screen --verbose -p debug" />
				<Option projectLinkerOptionsRelation="2" />
				<Compiler>
					<Add option="-DBUILDING_PLUGIN" />
					<Add directory="../src/include" />
					<Add directory="../src/include/scripting/include" />
					<Add directory="../src/include/scripting/sqplus" />
					<Add directory="../src/include/mozilla_chardet" />
					<Add directory="../src/include/mozilla_chardet/mfbt" />
					<Add directory="../src/include/mozilla_chardet/xpcom/base" />
				</Compiler>
				<ResourceCompiler>
					<Add directory="../src" />
				</ResourceCompiler>
				<Linker>
					<Add option="-Wl,--enable-auto-import" />
					<Add option="-Wl,--no-undefined" />
					<Add library="codeblocks" />
					<Add library="shfolder" />
					<Add library="kernel32" />
					<Add library="user32" />
					<Add library="gdi32" />
					<Add library="comdlg32" />
					<Add library="winspool" />
					<Add library="winmm" />
					<Add library="comctl32" />
					<Add library="odbc32" />
					<Add library="ole32" />
					<Add library="oleaut32" />
					<Add library="uuid" />
					<Add library="rpcrt4" />
					<Add library="advapi32" />
					<Add library="wsock32" />
					<Add directory="lib$(WX_VERSION)$(WX_SUFFIX)" />
				</Linker>
				<ExtraCommands>
					<Add after="cmd /c zip -jq9 bin$(WX_VERSION)$(WX_SUFFIX)\share\CodeBlocks\resources.zip ..\src\src\resources\*.xrc" />
					<Add after="cmd /c zip -jq9 bin$(WX_VERSION)$(WX_SUFFIX)\share\CodeBlocks\start_here.zip ..\src\src\resources\start_here\*.html ..\src\src\resources\start_here\*.png" />
					<Add after="cmd /c cd ..\src\src\resources &amp; zip -0 -q ..\..\..\TimS_build\bin$(WX_VERSION)$(WX_SUFFIX)\share\CodeBlocks\resources.zip images\*.png images\16x16\*.png" />
					<Mode after="always" />
				</ExtraCommands>
			</Target>
			<Environment>
				<Variable name="WX_CFG" value="" />
				<Variable name="WX_SUFFIX" value="ud" />
				<Variable name="WX_VERSION" value="30" />
			</Environment>
		</Build>
		<VirtualTargets>
			<Add alias="All" targets="tinyXML;AutoRevision;ConsoleRunner;Squirrel;Squirrel std lib;SqPlus;scintilla;sdk;src;" />
			<Add alias="Third-party libs" targets="tinyXML;AutoRevision;ConsoleRunner;Squirrel;Squirrel std lib;SqPlus;scintilla;" />
		</VirtualTargets>
		<Compiler>
			<Add option="-Wall" />
			<Add option="$(#CB_RELEASE_TYPE)" />
			<Add option="-pipe" />
			<Add option="-mthreads" />
			<Add option="-fmessage-length=0" />
			<Add option="-fexceptions" />
			<Add option="-DHAVE_W32API_H" />
			<Add option="-D__WXMSW__" />
			<Add option="-D__WXDEBUG__" />
			<Add option="-DWXUSINGDLL" />
			<Add option="-DcbDEBUG" />
			<Add option="-DNOPCH" />
			<Add option="-DwxUSE_UNICODE" />
			<Add directory="$(#WX30.include)" />
			<Add directory="$(#WX30.lib)/gcc_dll$(WX_CFG)/msw$(WX_SUFFIX)" />
			<Add directory="../src/sdk/wxscintilla/include" />
			<Add directory="../src/include/tinyxml" />
		</Compiler>
		<ResourceCompiler>
			<Add directory="$(#WX30.include)" />
			<Add directory="$(#WX30)/lib/gcc_dll$(WX_CFG)/msw$(WX_SUFFIX)" />
		</ResourceCompiler>
		<Linker>
			<Add library="wxmsw$(WX_VERSION)$(WX_SUFFIX)" />
			<Add directory="$(#WX30.lib)/gcc_dll$(WX_CFG)" />
		</Linker>
		<ExtraCommands>
			<Add before="cmd /c if not exist lib$(WX_VERSION)$(WX_SUFFIX) mkdir lib$(WX_VERSION)$(WX_SUFFIX)" />
			<Add before="cmd /c if not exist .objs$(WX_VERSION)$(WX_SUFFIX)\src\include mkdir .objs$(WX_VERSION)$(WX_SUFFIX)\src\include" />
			<Add before="cmd /c if not exist bin$(WX_VERSION)$(WX_SUFFIX)\share\CodeBlocks mkdir bin$(WX_VERSION)$(WX_SUFFIX)\share\CodeBlocks" />
			<Add before="cmd /c if not exist bin$(WX_VERSION)$(WX_SUFFIX)\share\CodeBlocks\compilers md bin$(WX_VERSION)$(WX_SUFFIX)\share\CodeBlocks\compilers\" />
			<Add before="cmd /c if not exist bin$(WX_VERSION)$(WX_SUFFIX)\share\CodeBlocks\lexers md bin$(WX_VERSION)$(WX_SUFFIX)\share\CodeBlocks\lexers\" />
			<Add before="cmd /c if not exist bin$(WX_VERSION)$(WX_SUFFIX)\share\CodeBlocks\images md bin$(WX_VERSION)$(WX_SUFFIX)\share\CodeBlocks\images\" />
			<Add before="cmd /c if not exist bin$(WX_VERSION)$(WX_SUFFIX)\share\CodeBlocks\images\settings md bin$(WX_VERSION)$(WX_SUFFIX)\share\CodeBlocks\images\settings\" />
			<Add before="cmd /c if not exist bin$(WX_VERSION)$(WX_SUFFIX)\share\CodeBlocks\images\16x16 md bin$(WX_VERSION)$(WX_SUFFIX)\share\CodeBlocks\images\16x16\" />
			<Add before="cmd /c if not exist bin$(WX_VERSION)$(WX_SUFFIX)\share\CodeBlocks\images\codecompletion md bin$(WX_VERSION)$(WX_SUFFIX)\share\CodeBlocks\images\codecompletion\" />
			<Add before="cmd /c if not exist bin$(WX_VERSION)$(WX_SUFFIX)\share\CodeBlocks\plugins md bin$(WX_VERSION)$(WX_SUFFIX)\share\CodeBlocks\plugins\" />
			<Add before="cmd /c if not exist bin$(WX_VERSION)$(WX_SUFFIX)\share\CodeBlocks\templates md bin$(WX_VERSION)$(WX_SUFFIX)\share\CodeBlocks\templates\" />
			<Add before="cmd /c if not exist bin$(WX_VERSION)$(WX_SUFFIX)\share\CodeBlocks\templates\wizard md bin$(WX_VERSION)$(WX_SUFFIX)\share\CodeBlocks\templates\wizard\" />
			<Add before="cmd /c if not exist bin$(WX_VERSION)$(WX_SUFFIX)\share\CodeBlocks\scripts md bin$(WX_VERSION)$(WX_SUFFIX)\share\CodeBlocks\scripts\" />
		</ExtraCommands>
		<Unit filename="../src/base/tinyxml/tinystr.cpp">
			<Option target="tinyXML" />
			<Option target="AutoRevision" />
		</Unit>
		<Unit filename="../src/base/tinyxml/tinywxuni.cpp">
			<Option target="sdk" />
		</Unit>
		<Unit filename="../src/base/tinyxml/tinyxml.cpp">
			<Option target="tinyXML" />
			<Option target="AutoRevision" />
		</Unit>
		<Unit filename="../src/base/tinyxml/tinyxmlerror.cpp">
			<Option target="tinyXML" />
			<Option target="AutoRevision" />
		</Unit>
		<Unit filename="../src/base/tinyxml/tinyxmlparser.cpp">
			<Option target="tinyXML" />
			<Option target="AutoRevision" />
		</Unit>
		<Unit filename="../src/build_tools/autorevision/autorevision.cpp">
			<Option target="AutoRevision" />
		</Unit>
		<Unit filename="../src/include/annoyingdialog.h">
			<Option target="sdk" />
		</Unit>
		<Unit filename="../src/include/autodetectcompilers.h">
			<Option target="sdk" />
		</Unit>
		<Unit filename="../src/include/backgroundthread.h">
			<Option target="sdk" />
		</Unit>
		<Unit filename="../src/include/base64.h">
			<Option target="sdk" />
		</Unit>
		<Unit filename="../src/include/blockallocated.h">
			<Option target="sdk" />
		</Unit>
		<Unit filename="../src/include/cbauibook.h">
			<Option target="sdk" />
		</Unit>
		<Unit filename="../src/include/cbcolourmanager.h">
			<Option target="sdk" />
		</Unit>
		<Unit filename="../src/include/cbdebugger_interfaces.h">
			<Option target="sdk" />
		</Unit>
		<Unit filename="../src/include/cbeditor.h">
			<Option target="sdk" />
		</Unit>
		<Unit filename="../src/include/cbeditorprintout.h">
			<Option target="sdk" />
		</Unit>
		<Unit filename="../src/include/cbexception.h">
			<Option target="sdk" />
		</Unit>
		<Unit filename="../src/include/cbfunctor.h">
			<Option target="sdk" />
		</Unit>
		<Unit filename="../src/include/cbplugin.h">
			<Option target="sdk" />
		</Unit>
		<Unit filename="../src/include/cbproject.h">
			<Option target="sdk" />
		</Unit>
		<Unit filename="../src/include/cbstatusbar.h">
			<Option target="sdk" />
		</Unit>
		<Unit filename="../src/include/cbstyledtextctrl.h">
			<Option target="sdk" />
		</Unit>
		<Unit filename="../src/include/cbthreadedtask.h">
			<Option target="sdk" />
		</Unit>
		<Unit filename="../src/include/cbthreadpool.h">
			<Option target="sdk" />
		</Unit>
		<Unit filename="../src/include/cbtool.h">
			<Option target="sdk" />
		</Unit>
		<Unit filename="../src/include/cbtreectrl.h">
			<Option target="sdk" />
		</Unit>
		<Unit filename="../src/include/cbworkspace.h">
			<Option target="sdk" />
		</Unit>
		<Unit filename="../src/include/ccmanager.h">
			<Option target="sdk" />
		</Unit>
		<Unit filename="../src/include/compileoptionsbase.h">
			<Option target="sdk" />
		</Unit>
		<Unit filename="../src/include/compiler.h">
			<Option target="sdk" />
		</Unit>
		<Unit filename="../src/include/compilercommandgenerator.h">
			<Option target="sdk" />
		</Unit>
		<Unit filename="../src/include/compilerfactory.h">
			<Option target="sdk" />
		</Unit>
		<Unit filename="../src/include/compileroptions.h">
			<Option target="sdk" />
		</Unit>
		<Unit filename="../src/include/compiletargetbase.h">
			<Option target="sdk" />
		</Unit>
		<Unit filename="../src/include/configmanager.h">
			<Option target="sdk" />
		</Unit>
		<Unit filename="../src/include/configurationpanel.h">
			<Option target="sdk" />
		</Unit>
		<Unit filename="../src/include/configuretoolsdlg.h">
			<Option target="sdk" />
		</Unit>
		<Unit filename="../src/include/confirmreplacedlg.h">
			<Option target="sdk" />
		</Unit>
		<Unit filename="../src/include/crc32.h">
			<Option target="sdk" />
		</Unit>
		<Unit filename="../src/include/debuggermanager.h">
			<Option target="sdk" />
		</Unit>
		<Unit filename="../src/include/editarrayfiledlg.h">
			<Option target="sdk" />
		</Unit>
		<Unit filename="../src/include/editarrayorderdlg.h">
			<Option target="sdk" />
		</Unit>
		<Unit filename="../src/include/editarraystringdlg.h">
			<Option target="sdk" />
		</Unit>
		<Unit filename="../src/include/editor_hooks.h">
			<Option target="sdk" />
		</Unit>
		<Unit filename="../src/include/editorbase.h">
			<Option target="sdk" />
		</Unit>
		<Unit filename="../src/include/editorcolourset.h">
			<Option target="sdk" />
		</Unit>
		<Unit filename="../src/include/editorlexerloader.h">
			<Option target="sdk" />
		</Unit>
		<Unit filename="../src/include/editormanager.h">
			<Option target="sdk" />
		</Unit>
		<Unit filename="../src/include/editpairdlg.h">
			<Option target="sdk" />
		</Unit>
		<Unit filename="../src/include/editpathdlg.h">
			<Option target="sdk" />
		</Unit>
		<Unit filename="../src/include/edittooldlg.h">
			<Option target="sdk" />
		</Unit>
		<Unit filename="../src/include/encodingdetector.h">
			<Option target="sdk" />
		</Unit>
		<Unit filename="../src/include/externaldepsdlg.h">
			<Option target="sdk" />
		</Unit>
		<Unit filename="../src/include/filefilters.h">
			<Option target="sdk" />
		</Unit>
		<Unit filename="../src/include/filegroupsandmasks.h">
			<Option target="sdk" />
		</Unit>
		<Unit filename="../src/include/filemanager.h">
			<Option target="sdk" />
		</Unit>
		<Unit filename="../src/include/findreplacebase.h">
			<Option target="sdk" />
		</Unit>
		<Unit filename="../src/include/findreplacedlg.h">
			<Option target="sdk" />
		</Unit>
		<Unit filename="../src/include/genericmultilinenotesdlg.h">
			<Option target="sdk" />
		</Unit>
		<Unit filename="../src/include/globals.h">
			<Option target="sdk" />
		</Unit>
		<Unit filename="../src/include/ibaseloader.h">
			<Option target="sdk" />
		</Unit>
		<Unit filename="../src/include/ibaseworkspaceloader.h">
			<Option target="sdk" />
		</Unit>
		<Unit filename="../src/include/id.h">
			<Option target="sdk" />
		</Unit>
		<Unit filename="../src/include/importers_globals.h">
			<Option target="sdk" />
		</Unit>
		<Unit filename="../src/include/incrementalselectlistdlg.h">
			<Option target="sdk" />
		</Unit>
		<Unit filename="../src/include/infowindow.h">
			<Option target="sdk" />
		</Unit>
		<Unit filename="../src/include/licenses.h">
			<Option target="sdk" />
		</Unit>
		<Unit filename="../src/include/logger.h">
			<Option target="sdk" />
		</Unit>
		<Unit filename="../src/include/loggers.h">
			<Option target="sdk" />
		</Unit>
		<Unit filename="../src/include/logmanager.h">
			<Option target="sdk" />
		</Unit>
		<Unit filename="../src/include/macrosmanager.h">
			<Option target="sdk" />
		</Unit>
		<Unit filename="../src/include/managedthread.h">
			<Option target="sdk" />
		</Unit>
		<Unit filename="../src/include/manager.h">
			<Option target="sdk" />
		</Unit>
		<Unit filename="../src/include/menuitemsmanager.h">
			<Option target="sdk" />
		</Unit>
		<Unit filename="../src/include/misctreeitemdata.h">
			<Option target="sdk" />
		</Unit>
		<Unit filename="../src/include/mozilla_chardet/CharDistribution.h">
			<Option target="sdk" />
		</Unit>
		<Unit filename="../src/include/mozilla_chardet/JpCntx.h">
			<Option target="sdk" />
		</Unit>
		<Unit filename="../src/include/mozilla_chardet/mfbt/mozilla/Alignment.h">
			<Option target="sdk" />
		</Unit>
		<Unit filename="../src/include/mozilla_chardet/mfbt/mozilla/Assertions.h">
			<Option target="sdk" />
		</Unit>
		<Unit filename="../src/include/mozilla_chardet/mfbt/mozilla/Attributes.h">
			<Option target="sdk" />
		</Unit>
		<Unit filename="../src/include/mozilla_chardet/mfbt/mozilla/Compiler.h">
			<Option target="sdk" />
		</Unit>
		<Unit filename="../src/include/mozilla_chardet/mfbt/mozilla/Likely.h">
			<Option target="sdk" />
		</Unit>
		<Unit filename="../src/include/mozilla_chardet/mfbt/mozilla/NullPtr.h">
			<Option target="sdk" />
		</Unit>
		<Unit filename="../src/include/mozilla_chardet/mfbt/mozilla/TypedEnum.h">
			<Option target="sdk" />
		</Unit>
		<Unit filename="../src/include/mozilla_chardet/mfbt/mozilla/Types.h">
			<Option target="sdk" />
		</Unit>
		<Unit filename="../src/include/mozilla_chardet/mfbt/mozilla/Util.h">
			<Option target="sdk" />
		</Unit>
		<Unit filename="../src/include/mozilla_chardet/nsBig5Prober.h">
			<Option target="sdk" />
		</Unit>
		<Unit filename="../src/include/mozilla_chardet/nsCharSetProber.h">
			<Option target="sdk" />
		</Unit>
		<Unit filename="../src/include/mozilla_chardet/nsCodingStateMachine.h">
			<Option target="sdk" />
		</Unit>
		<Unit filename="../src/include/mozilla_chardet/nsEUCJPProber.h">
			<Option target="sdk" />
		</Unit>
		<Unit filename="../src/include/mozilla_chardet/nsEUCKRProber.h">
			<Option target="sdk" />
		</Unit>
		<Unit filename="../src/include/mozilla_chardet/nsEUCTWProber.h">
			<Option target="sdk" />
		</Unit>
		<Unit filename="../src/include/mozilla_chardet/nsEscCharsetProber.h">
			<Option target="sdk" />
		</Unit>
		<Unit filename="../src/include/mozilla_chardet/nsGB2312Prober.h">
			<Option target="sdk" />
		</Unit>
		<Unit filename="../src/include/mozilla_chardet/nsHebrewProber.h">
			<Option target="sdk" />
		</Unit>
		<Unit filename="../src/include/mozilla_chardet/nsLatin1Prober.h">
			<Option target="sdk" />
		</Unit>
		<Unit filename="../src/include/mozilla_chardet/nsMBCSGroupProber.h">
			<Option target="sdk" />
		</Unit>
		<Unit filename="../src/include/mozilla_chardet/nsPkgInt.h">
			<Option target="sdk" />
		</Unit>
		<Unit filename="../src/include/mozilla_chardet/nsSBCSGroupProber.h">
			<Option target="sdk" />
		</Unit>
		<Unit filename="../src/include/mozilla_chardet/nsSBCharSetProber.h">
			<Option target="sdk" />
		</Unit>
		<Unit filename="../src/include/mozilla_chardet/nsSJISProber.h">
			<Option target="sdk" />
		</Unit>
		<Unit filename="../src/include/mozilla_chardet/nsUTF8Prober.h">
			<Option target="sdk" />
		</Unit>
		<Unit filename="../src/include/mozilla_chardet/nsUniversalDetector.h">
			<Option target="sdk" />
		</Unit>
		<Unit filename="../src/include/mozilla_chardet/nsprpub/pr/include/prcpucfg.h">
			<Option target="sdk" />
		</Unit>
		<Unit filename="../src/include/mozilla_chardet/nsprpub/pr/include/prcpucfg_darwin.h">
			<Option target="sdk" />
		</Unit>
		<Unit filename="../src/include/mozilla_chardet/nsprpub/pr/include/prcpucfg_linux.h">
			<Option target="sdk" />
		</Unit>
		<Unit filename="../src/include/mozilla_chardet/nsprpub/pr/include/prcpucfg_openbsd.h">
			<Option target="sdk" />
		</Unit>
		<Unit filename="../src/include/mozilla_chardet/nsprpub/pr/include/prcpucfg_win95.h">
			<Option target="sdk" />
		</Unit>
		<Unit filename="../src/include/mozilla_chardet/nsprpub/pr/include/prcpucfg_winnt.h">
			<Option target="sdk" />
		</Unit>
		<Unit filename="../src/include/mozilla_chardet/nsprpub/pr/include/prmem.h">
			<Option target="sdk" />
		</Unit>
		<Unit filename="../src/include/mozilla_chardet/nsprpub/pr/include/prtypes.h">
			<Option target="sdk" />
		</Unit>
		<Unit filename="../src/include/mozilla_chardet/xpcom/base/ErrorList.h">
			<Option target="sdk" />
		</Unit>
		<Unit filename="../src/include/mozilla_chardet/xpcom/base/nsError.h">
			<Option target="sdk" />
		</Unit>
		<Unit filename="../src/include/mozilla_chardet/xpcom/base/nscore.h">
			<Option target="sdk" />
		</Unit>
		<Unit filename="../src/include/mozilla_chardet/xpcom/glue/nsDebug.h">
			<Option target="sdk" />
		</Unit>
		<Unit filename="../src/include/mozilla_chardet/xpcom/glue/nsMemory.h">
			<Option target="sdk" />
		</Unit>
		<Unit filename="../src/include/multiselectdlg.h">
			<Option target="sdk" />
		</Unit>
		<Unit filename="../src/include/newfromtemplatedlg.h">
			<Option target="sdk" />
		</Unit>
		<Unit filename="../src/include/personalitymanager.h">
			<Option target="sdk" />
		</Unit>
		<Unit filename="../src/include/pipedprocess.h">
			<Option target="sdk" />
		</Unit>
		<Unit filename="../src/include/pluginmanager.h">
			<Option target="sdk" />
		</Unit>
		<Unit filename="../src/include/pluginsconfigurationdlg.h">
			<Option target="sdk" />
		</Unit>
		<Unit filename="../src/include/prep.h">
			<Option target="sdk" />
		</Unit>
		<Unit filename="../src/include/printing_types.h">
			<Option target="sdk" />
		</Unit>
		<Unit filename="../src/include/projectbuildtarget.h">
			<Option target="sdk" />
		</Unit>
		<Unit filename="../src/include/projectfile.h">
			<Option target="sdk" />
		</Unit>
		<Unit filename="../src/include/projectfileoptionsdlg.h">
			<Option target="sdk" />
		</Unit>
		<Unit filename="../src/include/projectlayoutloader.h">
			<Option target="sdk" />
		</Unit>
		<Unit filename="../src/include/projectloader.h">
			<Option target="sdk" />
		</Unit>
		<Unit filename="../src/include/projectloader_hooks.h">
			<Option target="sdk" />
		</Unit>
		<Unit filename="../src/include/projectmanager.h">
			<Option target="sdk" />
		</Unit>
		<Unit filename="../src/include/projectsfilemasksdlg.h">
			<Option target="sdk" />
		</Unit>
		<Unit filename="../src/include/projecttemplateloader.h">
			<Option target="sdk" />
		</Unit>
		<Unit filename="../src/include/safedelete.h">
			<Option target="sdk" />
		</Unit>
		<Unit filename="../src/include/scripting/bindings/sc_base_types.h">
			<Option target="sdk" />
		</Unit>
		<Unit filename="../src/include/scripting/bindings/sc_plugin.h">
			<Option target="sdk" />
		</Unit>
		<Unit filename="../src/include/scripting/bindings/scriptbindings.h">
			<Option target="sdk" />
		</Unit>
		<Unit filename="../src/include/scripting/include/sqdbgserver.h">
			<Option target="Squirrel" />
		</Unit>
		<Unit filename="../src/include/scripting/include/sqrdbg.h">
			<Option target="Squirrel" />
		</Unit>
		<Unit filename="../src/include/scripting/include/sqstdaux.h">
			<Option target="Squirrel std lib" />
		</Unit>
		<Unit filename="../src/include/scripting/include/sqstdblob.h">
			<Option target="Squirrel std lib" />
		</Unit>
		<Unit filename="../src/include/scripting/include/sqstdio.h">
			<Option target="Squirrel std lib" />
		</Unit>
		<Unit filename="../src/include/scripting/include/sqstdmath.h">
			<Option target="Squirrel std lib" />
		</Unit>
		<Unit filename="../src/include/scripting/include/sqstdstring.h">
			<Option target="Squirrel std lib" />
		</Unit>
		<Unit filename="../src/include/scripting/include/sqstdsystem.h">
			<Option target="Squirrel std lib" />
		</Unit>
		<Unit filename="../src/include/scripting/include/squirrel.h">
			<Option target="Squirrel" />
		</Unit>
		<Unit filename="../src/include/scripting/sqplus/SqPlusConst.h">
			<Option target="SqPlus" />
		</Unit>
		<Unit filename="../src/include/scripting/sqplus/SquirrelBindingsUtils.h">
			<Option target="SqPlus" />
		</Unit>
		<Unit filename="../src/include/scripting/sqplus/SquirrelBindingsUtilsWin32.h">
			<Option target="SqPlus" />
		</Unit>
		<Unit filename="../src/include/scripting/sqplus/SquirrelObject.h">
			<Option target="SqPlus" />
		</Unit>
		<Unit filename="../src/include/scripting/sqplus/SquirrelVM.h">
			<Option target="SqPlus" />
		</Unit>
		<Unit filename="../src/include/scripting/sqplus/sqplus.h">
			<Option target="SqPlus" />
		</Unit>
		<Unit filename="../src/include/scripting/sqplus/sqplusWin32.h">
			<Option target="SqPlus" />
		</Unit>
		<Unit filename="../src/include/scripting/sqstdlib/sqstdblobimpl.h">
			<Option target="Squirrel std lib" />
		</Unit>
		<Unit filename="../src/include/scripting/sqstdlib/sqstdstream.h">
			<Option target="Squirrel std lib" />
		</Unit>
		<Unit filename="../src/include/scripting/squirrel/sqarray.h">
			<Option target="Squirrel" />
		</Unit>
		<Unit filename="../src/include/scripting/squirrel/sqclass.h">
			<Option target="Squirrel" />
		</Unit>
		<Unit filename="../src/include/scripting/squirrel/sqclosure.h">
			<Option target="Squirrel" />
		</Unit>
		<Unit filename="../src/include/scripting/squirrel/sqcompiler.h">
			<Option target="Squirrel" />
		</Unit>
		<Unit filename="../src/include/scripting/squirrel/sqfuncproto.h">
			<Option target="Squirrel" />
		</Unit>
		<Unit filename="../src/include/scripting/squirrel/sqfuncstate.h">
			<Option target="Squirrel" />
		</Unit>
		<Unit filename="../src/include/scripting/squirrel/sqlexer.h">
			<Option target="Squirrel" />
		</Unit>
		<Unit filename="../src/include/scripting/squirrel/sqmem.h">
			<Option target="Squirrel" />
		</Unit>
		<Unit filename="../src/include/scripting/squirrel/sqobject.h">
			<Option target="Squirrel" />
		</Unit>
		<Unit filename="../src/include/scripting/squirrel/sqopcodes.h">
			<Option target="Squirrel" />
		</Unit>
		<Unit filename="../src/include/scripting/squirrel/sqpcheader.h">
			<Option target="Squirrel" />
		</Unit>
		<Unit filename="../src/include/scripting/squirrel/sqstate.h">
			<Option target="Squirrel" />
		</Unit>
		<Unit filename="../src/include/scripting/squirrel/sqstring.h">
			<Option target="Squirrel" />
		</Unit>
		<Unit filename="../src/include/scripting/squirrel/sqtable.h">
			<Option target="Squirrel" />
		</Unit>
		<Unit filename="../src/include/scripting/squirrel/squserdata.h">
			<Option target="Squirrel" />
		</Unit>
		<Unit filename="../src/include/scripting/squirrel/squtils.h">
			<Option target="Squirrel" />
		</Unit>
		<Unit filename="../src/include/scripting/squirrel/sqvm.h">
			<Option target="Squirrel" />
		</Unit>
		<Unit filename="../src/include/scriptingmanager.h">
			<Option target="sdk" />
		</Unit>
		<Unit filename="../src/include/scriptsecuritywarningdlg.h">
			<Option target="sdk" />
		</Unit>
		<Unit filename="../src/include/scrollingdialog.h">
			<Option target="sdk" />
		</Unit>
		<Unit filename="../src/include/sdk.h">
			<Option weight="1" />
			<Option target="src" />
		</Unit>
		<Unit filename="../src/include/sdk_common.h">
			<Option target="sdk" />
		</Unit>
		<Unit filename="../src/include/sdk_events.h">
			<Option target="sdk" />
		</Unit>
		<Unit filename="../src/include/sdk_precomp.h">
			<Option weight="0" />
			<Option target="sdk" />
		</Unit>
		<Unit filename="../src/include/searchresultslog.h">
			<Option target="sdk" />
		</Unit>
		<Unit filename="../src/include/selecttargetdlg.h">
			<Option target="sdk" />
		</Unit>
		<Unit filename="../src/include/settings.h">
			<Option target="sdk" />
		</Unit>
		<Unit filename="../src/include/templatemanager.h">
			<Option target="sdk" />
		</Unit>
		<Unit filename="../src/include/tinyxml/tinystr.h">
			<Option target="tinyXML" />
			<Option target="AutoRevision" />
		</Unit>
		<Unit filename="../src/include/tinyxml/tinywxuni.h">
			<Option target="sdk" />
		</Unit>
		<Unit filename="../src/include/tinyxml/tinyxml.h">
			<Option target="tinyXML" />
			<Option target="AutoRevision" />
		</Unit>
		<Unit filename="../src/include/toolsmanager.h">
			<Option target="sdk" />
		</Unit>
		<Unit filename="../src/include/uservarmanager.h">
			<Option target="sdk" />
		</Unit>
		<Unit filename="../src/include/workspaceloader.h">
			<Option target="sdk" />
		</Unit>
		<Unit filename="../src/include/xtra_res.h">
			<Option target="sdk" />
		</Unit>
		<Unit filename="../src/scripts/gdb_types.script">
			<Option target="&lt;{~None~}&gt;" />
		</Unit>
		<Unit filename="../src/scripts/make_dist.script">
			<Option target="src" />
		</Unit>
		<Unit filename="../src/scripts/plugin_find_broken_files.script">
			<Option target="src" />
		</Unit>
		<Unit filename="../src/scripts/sample_plugin.script">
			<Option target="src" />
		</Unit>
		<Unit filename="../src/scripts/startup.script">
			<Option target="sdk" />
		</Unit>
		<Unit filename="../src/scripts/wx_help.script">
			<Option target="src" />
		</Unit>
		<Unit filename="../src/sdk/annoyingdialog.cpp">
			<Option target="sdk" />
		</Unit>
		<Unit filename="../src/sdk/autodetectcompilers.cpp">
			<Option target="sdk" />
		</Unit>
		<Unit filename="../src/sdk/base64.cpp">
			<Option target="sdk" />
		</Unit>
		<Unit filename="../src/sdk/blockallocated.cpp">
			<Option target="sdk" />
		</Unit>
		<Unit filename="../src/sdk/cbauibook.cpp">
			<Option target="sdk" />
		</Unit>
		<Unit filename="../src/sdk/cbcolourmanager.cpp">
			<Option target="sdk" />
		</Unit>
		<Unit filename="../src/sdk/cbdebugger_interfaces.cpp">
			<Option target="sdk" />
		</Unit>
		<Unit filename="../src/sdk/cbeditor.cpp">
			<Option target="sdk" />
		</Unit>
		<Unit filename="../src/sdk/cbeditorprintout.cpp">
			<Option target="sdk" />
		</Unit>
		<Unit filename="../src/sdk/cbexception.cpp">
			<Option target="sdk" />
		</Unit>
		<Unit filename="../src/sdk/cbplugin.cpp">
			<Option target="sdk" />
		</Unit>
		<Unit filename="../src/sdk/cbproject.cpp">
			<Option target="sdk" />
		</Unit>
		<Unit filename="../src/sdk/cbstatusbar.cpp">
			<Option target="sdk" />
		</Unit>
		<Unit filename="../src/sdk/cbstyledtextctrl.cpp">
			<Option target="sdk" />
		</Unit>
		<Unit filename="../src/sdk/cbthreadpool.cpp">
			<Option target="sdk" />
		</Unit>
		<Unit filename="../src/sdk/cbtreectrl.cpp">
			<Option target="sdk" />
		</Unit>
		<Unit filename="../src/sdk/cbworkspace.cpp">
			<Option target="sdk" />
		</Unit>
		<Unit filename="../src/sdk/ccmanager.cpp">
			<Option target="sdk" />
		</Unit>
		<Unit filename="../src/sdk/compileoptionsbase.cpp">
			<Option target="sdk" />
		</Unit>
		<Unit filename="../src/sdk/compiler.cpp">
			<Option target="sdk" />
		</Unit>
		<Unit filename="../src/sdk/compilercommandgenerator.cpp">
			<Option target="sdk" />
		</Unit>
		<Unit filename="../src/sdk/compilerfactory.cpp">
			<Option target="sdk" />
		</Unit>
		<Unit filename="../src/sdk/compileroptions.cpp">
			<Option target="sdk" />
		</Unit>
		<Unit filename="../src/sdk/compiletargetbase.cpp">
			<Option target="sdk" />
		</Unit>
		<Unit filename="../src/sdk/configmanager-revision.cpp">
			<Option weight="10" />
			<Option target="sdk" />
		</Unit>
		<Unit filename="../src/sdk/configmanager.cpp">
			<Option target="sdk" />
		</Unit>
		<Unit filename="../src/sdk/configurationpanel.cpp">
			<Option target="sdk" />
		</Unit>
		<Unit filename="../src/sdk/configuretoolsdlg.cpp">
			<Option target="sdk" />
		</Unit>
		<Unit filename="../src/sdk/confirmreplacedlg.cpp">
			<Option target="sdk" />
		</Unit>
		<Unit filename="../src/sdk/crc32.cpp">
			<Option target="sdk" />
		</Unit>
		<Unit filename="../src/sdk/debuggermanager.cpp">
			<Option target="sdk" />
		</Unit>
		<Unit filename="../src/sdk/editarrayfiledlg.cpp">
			<Option target="sdk" />
		</Unit>
		<Unit filename="../src/sdk/editarrayorderdlg.cpp">
			<Option target="sdk" />
		</Unit>
		<Unit filename="../src/sdk/editarraystringdlg.cpp">
			<Option target="sdk" />
		</Unit>
		<Unit filename="../src/sdk/editor_hooks.cpp">
			<Option target="sdk" />
		</Unit>
		<Unit filename="../src/sdk/editorbase.cpp">
			<Option target="sdk" />
		</Unit>
		<Unit filename="../src/sdk/editorcolourset.cpp">
			<Option target="sdk" />
		</Unit>
		<Unit filename="../src/sdk/editorlexerloader.cpp">
			<Option target="sdk" />
		</Unit>
		<Unit filename="../src/sdk/editormanager.cpp">
			<Option target="sdk" />
		</Unit>
		<Unit filename="../src/sdk/editpairdlg.cpp">
			<Option target="sdk" />
		</Unit>
		<Unit filename="../src/sdk/editpathdlg.cpp">
			<Option target="sdk" />
		</Unit>
		<Unit filename="../src/sdk/edittooldlg.cpp">
			<Option target="sdk" />
		</Unit>
		<Unit filename="../src/sdk/encodingdetector.cpp">
			<Option target="sdk" />
		</Unit>
		<Unit filename="../src/sdk/externaldepsdlg.cpp">
			<Option target="sdk" />
		</Unit>
		<Unit filename="../src/sdk/filefilters.cpp">
			<Option target="sdk" />
		</Unit>
		<Unit filename="../src/sdk/filegroupsandmasks.cpp">
			<Option target="sdk" />
		</Unit>
		<Unit filename="../src/sdk/filemanager.cpp">
			<Option target="sdk" />
		</Unit>
		<Unit filename="../src/sdk/findreplacedlg.cpp">
			<Option target="sdk" />
		</Unit>
		<Unit filename="../src/sdk/genericmultilinenotesdlg.cpp">
			<Option target="sdk" />
		</Unit>
		<Unit filename="../src/sdk/globals.cpp">
			<Option target="sdk" />
		</Unit>
		<Unit filename="../src/sdk/importers_globals.cpp">
			<Option target="sdk" />
		</Unit>
		<Unit filename="../src/sdk/incrementalselectlistdlg.cpp">
			<Option target="sdk" />
		</Unit>
		<Unit filename="../src/sdk/infowindow.cpp">
			<Option target="sdk" />
		</Unit>
		<Unit filename="../src/sdk/loggers.cpp">
			<Option target="sdk" />
		</Unit>
		<Unit filename="../src/sdk/logmanager.cpp">
			<Option target="sdk" />
		</Unit>
		<Unit filename="../src/sdk/macrosmanager.cpp">
			<Option target="sdk" />
		</Unit>
		<Unit filename="../src/sdk/managedthread.cpp">
			<Option target="sdk" />
		</Unit>
		<Unit filename="../src/sdk/manager.cpp">
			<Option target="sdk" />
		</Unit>
		<Unit filename="../src/sdk/menuitemsmanager.cpp">
			<Option target="sdk" />
		</Unit>
		<Unit filename="../src/sdk/mozilla_chardet/src/Big5Freq.tab">
			<Option target="sdk" />
		</Unit>
		<Unit filename="../src/sdk/mozilla_chardet/src/CharDistribution.cpp">
			<Option target="sdk" />
		</Unit>
		<Unit filename="../src/sdk/mozilla_chardet/src/EUCKRFreq.tab">
			<Option target="sdk" />
		</Unit>
		<Unit filename="../src/sdk/mozilla_chardet/src/EUCTWFreq.tab">
			<Option target="sdk" />
		</Unit>
		<Unit filename="../src/sdk/mozilla_chardet/src/GB2312Freq.tab">
			<Option target="sdk" />
		</Unit>
		<Unit filename="../src/sdk/mozilla_chardet/src/JISFreq.tab">
			<Option target="sdk" />
		</Unit>
		<Unit filename="../src/sdk/mozilla_chardet/src/JpCntx.cpp">
			<Option target="sdk" />
		</Unit>
		<Unit filename="../src/sdk/mozilla_chardet/src/LangBulgarianModel.cpp">
			<Option target="sdk" />
		</Unit>
		<Unit filename="../src/sdk/mozilla_chardet/src/LangCyrillicModel.cpp">
			<Option target="sdk" />
		</Unit>
		<Unit filename="../src/sdk/mozilla_chardet/src/LangGreekModel.cpp">
			<Option target="sdk" />
		</Unit>
		<Unit filename="../src/sdk/mozilla_chardet/src/LangHebrewModel.cpp">
			<Option target="sdk" />
		</Unit>
		<Unit filename="../src/sdk/mozilla_chardet/src/LangHungarianModel.cpp">
			<Option target="sdk" />
		</Unit>
		<Unit filename="../src/sdk/mozilla_chardet/src/LangThaiModel.cpp">
			<Option target="sdk" />
		</Unit>
		<Unit filename="../src/sdk/mozilla_chardet/src/nsBig5Prober.cpp">
			<Option target="sdk" />
		</Unit>
		<Unit filename="../src/sdk/mozilla_chardet/src/nsCharSetProber.cpp">
			<Option target="sdk" />
		</Unit>
		<Unit filename="../src/sdk/mozilla_chardet/src/nsEUCJPProber.cpp">
			<Option target="sdk" />
		</Unit>
		<Unit filename="../src/sdk/mozilla_chardet/src/nsEUCKRProber.cpp">
			<Option target="sdk" />
		</Unit>
		<Unit filename="../src/sdk/mozilla_chardet/src/nsEUCTWProber.cpp">
			<Option target="sdk" />
		</Unit>
		<Unit filename="../src/sdk/mozilla_chardet/src/nsEscCharsetProber.cpp">
			<Option target="sdk" />
		</Unit>
		<Unit filename="../src/sdk/mozilla_chardet/src/nsEscSM.cpp">
			<Option target="sdk" />
		</Unit>
		<Unit filename="../src/sdk/mozilla_chardet/src/nsGB2312Prober.cpp">
			<Option target="sdk" />
		</Unit>
		<Unit filename="../src/sdk/mozilla_chardet/src/nsHebrewProber.cpp">
			<Option target="sdk" />
		</Unit>
		<Unit filename="../src/sdk/mozilla_chardet/src/nsLatin1Prober.cpp">
			<Option target="sdk" />
		</Unit>
		<Unit filename="../src/sdk/mozilla_chardet/src/nsMBCSGroupProber.cpp">
			<Option target="sdk" />
		</Unit>
		<Unit filename="../src/sdk/mozilla_chardet/src/nsMBCSSM.cpp">
			<Option target="sdk" />
		</Unit>
		<Unit filename="../src/sdk/mozilla_chardet/src/nsSBCSGroupProber.cpp">
			<Option target="sdk" />
		</Unit>
		<Unit filename="../src/sdk/mozilla_chardet/src/nsSBCharSetProber.cpp">
			<Option target="sdk" />
		</Unit>
		<Unit filename="../src/sdk/mozilla_chardet/src/nsSJISProber.cpp">
			<Option target="sdk" />
		</Unit>
		<Unit filename="../src/sdk/mozilla_chardet/src/nsUTF8Prober.cpp">
			<Option target="sdk" />
		</Unit>
		<Unit filename="../src/sdk/mozilla_chardet/src/nsUniversalDetector.cpp">
			<Option target="sdk" />
		</Unit>
		<Unit filename="../src/sdk/multiselectdlg.cpp">
			<Option target="sdk" />
		</Unit>
		<Unit filename="../src/sdk/newfromtemplatedlg.cpp">
			<Option target="sdk" />
		</Unit>
		<Unit filename="../src/sdk/nullptr.cpp">
			<Option target="&lt;{~None~}&gt;" />
		</Unit>
		<Unit filename="../src/sdk/personalitymanager.cpp">
			<Option target="sdk" />
		</Unit>
		<Unit filename="../src/sdk/pipedprocess.cpp">
			<Option target="sdk" />
		</Unit>
		<Unit filename="../src/sdk/pluginmanager.cpp">
			<Option target="sdk" />
		</Unit>
		<Unit filename="../src/sdk/pluginsconfigurationdlg.cpp">
			<Option target="sdk" />
		</Unit>
		<Unit filename="../src/sdk/printing_types.cpp">
			<Option target="sdk" />
		</Unit>
		<Unit filename="../src/sdk/projectbuildtarget.cpp">
			<Option target="sdk" />
		</Unit>
		<Unit filename="../src/sdk/projectfile.cpp">
			<Option target="sdk" />
		</Unit>
		<Unit filename="../src/sdk/projectfileoptionsdlg.cpp">
			<Option target="sdk" />
		</Unit>
		<Unit filename="../src/sdk/projectlayoutloader.cpp">
			<Option target="sdk" />
		</Unit>
		<Unit filename="../src/sdk/projectloader.cpp">
			<Option target="sdk" />
		</Unit>
		<Unit filename="../src/sdk/projectloader_hooks.cpp">
			<Option target="sdk" />
		</Unit>
		<Unit filename="../src/sdk/projectmanager.cpp">
			<Option target="sdk" />
		</Unit>
		<Unit filename="../src/sdk/projectsfilemasksdlg.cpp">
			<Option target="sdk" />
		</Unit>
		<Unit filename="../src/sdk/projecttemplateloader.cpp">
			<Option target="sdk" />
		</Unit>
		<Unit filename="../src/sdk/resources/auto_detect_compilers.xrc">
			<Option target="sdk" />
		</Unit>
		<Unit filename="../src/sdk/resources/configure_tools.xrc">
			<Option target="sdk" />
		</Unit>
		<Unit filename="../src/sdk/resources/confirm_replace.xrc">
			<Option target="sdk" />
		</Unit>
		<Unit filename="../src/sdk/resources/confirm_replace_multiple.xrc">
			<Option target="sdk" />
		</Unit>
		<Unit filename="../src/sdk/resources/edit_array_order.xrc">
			<Option target="sdk" />
		</Unit>
		<Unit filename="../src/sdk/resources/edit_array_string.xrc">
			<Option target="sdk" />
		</Unit>
		<Unit filename="../src/sdk/resources/edit_pair.xrc">
			<Option target="sdk" />
		</Unit>
		<Unit filename="../src/sdk/resources/edit_path.xrc">
			<Option target="sdk" />
		</Unit>
		<Unit filename="../src/sdk/resources/edit_tool.xrc">
			<Option target="sdk" />
		</Unit>
		<Unit filename="../src/sdk/resources/editor_manager.xrc">
			<Option target="sdk" />
		</Unit>
		<Unit filename="../src/sdk/resources/external_deps.xrc">
			<Option target="sdk" />
		</Unit>
		<Unit filename="../src/sdk/resources/findreplacedlg.xrc">
			<Option target="sdk" />
		</Unit>
		<Unit filename="../src/sdk/resources/generic_multi_select.xrc">
			<Option target="sdk" />
		</Unit>
		<Unit filename="../src/sdk/resources/generic_multiline_notes.xrc">
			<Option target="sdk" />
		</Unit>
		<Unit filename="../src/sdk/resources/global_uservars.xrc">
			<Option target="sdk" />
		</Unit>
		<Unit filename="../src/sdk/resources/incremental_select_list.xrc">
			<Option target="sdk" />
		</Unit>
		<Unit filename="../src/sdk/resources/lexers/lexer_OgreCompositor.sample">
			<Option target="scintilla" />
		</Unit>
		<Unit filename="../src/sdk/resources/lexers/lexer_OgreCompositor.xml">
			<Option target="scintilla" />
		</Unit>
		<Unit filename="../src/sdk/resources/lexers/lexer_OgreMaterial.sample">
			<Option target="scintilla" />
		</Unit>
		<Unit filename="../src/sdk/resources/lexers/lexer_OgreMaterial.xml">
			<Option target="scintilla" />
		</Unit>
		<Unit filename="../src/sdk/resources/lexers/lexer_ada.sample">
			<Option target="scintilla" />
		</Unit>
		<Unit filename="../src/sdk/resources/lexers/lexer_ada.xml">
			<Option target="scintilla" />
		</Unit>
		<Unit filename="../src/sdk/resources/lexers/lexer_angelscript.sample">
			<Option target="scintilla" />
		</Unit>
		<Unit filename="../src/sdk/resources/lexers/lexer_angelscript.xml">
			<Option target="scintilla" />
		</Unit>
		<Unit filename="../src/sdk/resources/lexers/lexer_bash.sample">
			<Option target="scintilla" />
		</Unit>
		<Unit filename="../src/sdk/resources/lexers/lexer_bash.xml">
			<Option target="scintilla" />
		</Unit>
		<Unit filename="../src/sdk/resources/lexers/lexer_batch.sample">
			<Option target="scintilla" />
		</Unit>
		<Unit filename="../src/sdk/resources/lexers/lexer_batch.xml">
			<Option target="scintilla" />
		</Unit>
		<Unit filename="../src/sdk/resources/lexers/lexer_bibtex.xml">
			<Option target="scintilla" />
		</Unit>
		<Unit filename="../src/sdk/resources/lexers/lexer_caml.sample">
			<Option target="scintilla" />
		</Unit>
		<Unit filename="../src/sdk/resources/lexers/lexer_caml.xml">
			<Option target="scintilla" />
		</Unit>
		<Unit filename="../src/sdk/resources/lexers/lexer_cg.sample">
			<Option target="scintilla" />
		</Unit>
		<Unit filename="../src/sdk/resources/lexers/lexer_cg.xml">
			<Option target="scintilla" />
		</Unit>
		<Unit filename="../src/sdk/resources/lexers/lexer_cmake.sample">
			<Option target="scintilla" />
		</Unit>
		<Unit filename="../src/sdk/resources/lexers/lexer_cmake.xml">
			<Option target="scintilla" />
		</Unit>
		<Unit filename="../src/sdk/resources/lexers/lexer_coffee.sample">
			<Option target="scintilla" />
		</Unit>
		<Unit filename="../src/sdk/resources/lexers/lexer_coffee.xml">
			<Option target="scintilla" />
		</Unit>
		<Unit filename="../src/sdk/resources/lexers/lexer_cpp.sample">
			<Option target="scintilla" />
		</Unit>
		<Unit filename="../src/sdk/resources/lexers/lexer_cpp.xml">
			<Option target="scintilla" />
		</Unit>
		<Unit filename="../src/sdk/resources/lexers/lexer_css.sample">
			<Option target="scintilla" />
		</Unit>
		<Unit filename="../src/sdk/resources/lexers/lexer_css.xml">
			<Option target="scintilla" />
		</Unit>
		<Unit filename="../src/sdk/resources/lexers/lexer_d.sample">
			<Option target="scintilla" />
		</Unit>
		<Unit filename="../src/sdk/resources/lexers/lexer_d.xml">
			<Option target="scintilla" />
		</Unit>
		<Unit filename="../src/sdk/resources/lexers/lexer_diff.sample">
			<Option target="scintilla" />
		</Unit>
		<Unit filename="../src/sdk/resources/lexers/lexer_diff.xml">
			<Option target="scintilla" />
		</Unit>
		<Unit filename="../src/sdk/resources/lexers/lexer_f77.sample">
			<Option target="scintilla" />
		</Unit>
		<Unit filename="../src/sdk/resources/lexers/lexer_f77.xml">
			<Option target="scintilla" />
		</Unit>
		<Unit filename="../src/sdk/resources/lexers/lexer_fortran.sample">
			<Option target="scintilla" />
		</Unit>
		<Unit filename="../src/sdk/resources/lexers/lexer_fortran.xml">
			<Option target="scintilla" />
		</Unit>
		<Unit filename="../src/sdk/resources/lexers/lexer_glsl.sample">
			<Option target="scintilla" />
		</Unit>
		<Unit filename="../src/sdk/resources/lexers/lexer_glsl.xml">
			<Option target="scintilla" />
		</Unit>
		<Unit filename="../src/sdk/resources/lexers/lexer_gm.sample">
			<Option target="scintilla" />
		</Unit>
		<Unit filename="../src/sdk/resources/lexers/lexer_gm.xml">
			<Option target="scintilla" />
		</Unit>
		<Unit filename="../src/sdk/resources/lexers/lexer_haskell.sample">
			<Option target="scintilla" />
		</Unit>
		<Unit filename="../src/sdk/resources/lexers/lexer_haskell.xml">
			<Option target="scintilla" />
		</Unit>
		<Unit filename="../src/sdk/resources/lexers/lexer_hitasm.sample">
			<Option target="scintilla" />
		</Unit>
		<Unit filename="../src/sdk/resources/lexers/lexer_hitasm.xml">
			<Option target="scintilla" />
		</Unit>
		<Unit filename="../src/sdk/resources/lexers/lexer_html.sample">
			<Option target="scintilla" />
		</Unit>
		<Unit filename="../src/sdk/resources/lexers/lexer_html.xml">
			<Option target="scintilla" />
		</Unit>
		<Unit filename="../src/sdk/resources/lexers/lexer_java.sample">
			<Option target="scintilla" />
		</Unit>
		<Unit filename="../src/sdk/resources/lexers/lexer_java.xml">
			<Option target="scintilla" />
		</Unit>
		<Unit filename="../src/sdk/resources/lexers/lexer_javascript.sample">
			<Option target="scintilla" />
		</Unit>
		<Unit filename="../src/sdk/resources/lexers/lexer_javascript.xml">
			<Option target="scintilla" />
		</Unit>
		<Unit filename="../src/sdk/resources/lexers/lexer_latex.sample">
			<Option target="scintilla" />
		</Unit>
		<Unit filename="../src/sdk/resources/lexers/lexer_latex.xml">
			<Option target="scintilla" />
		</Unit>
		<Unit filename="../src/sdk/resources/lexers/lexer_lisp.sample">
			<Option target="scintilla" />
		</Unit>
		<Unit filename="../src/sdk/resources/lexers/lexer_lisp.xml">
			<Option target="scintilla" />
		</Unit>
		<Unit filename="../src/sdk/resources/lexers/lexer_lua.sample">
			<Option target="scintilla" />
		</Unit>
		<Unit filename="../src/sdk/resources/lexers/lexer_lua.xml">
			<Option target="scintilla" />
		</Unit>
		<Unit filename="../src/sdk/resources/lexers/lexer_make.sample">
			<Option target="scintilla" />
		</Unit>
		<Unit filename="../src/sdk/resources/lexers/lexer_make.xml">
			<Option target="scintilla" />
		</Unit>
		<Unit filename="../src/sdk/resources/lexers/lexer_masm.sample">
			<Option target="scintilla" />
		</Unit>
		<Unit filename="../src/sdk/resources/lexers/lexer_masm.xml">
			<Option target="scintilla" />
		</Unit>
		<Unit filename="../src/sdk/resources/lexers/lexer_matlab.sample">
			<Option target="scintilla" />
		</Unit>
		<Unit filename="../src/sdk/resources/lexers/lexer_matlab.xml">
			<Option target="scintilla" />
		</Unit>
		<Unit filename="../src/sdk/resources/lexers/lexer_nsis.sample">
			<Option target="scintilla" />
		</Unit>
		<Unit filename="../src/sdk/resources/lexers/lexer_nsis.xml">
			<Option target="scintilla" />
		</Unit>
		<Unit filename="../src/sdk/resources/lexers/lexer_objc.sample">
			<Option target="scintilla" />
		</Unit>
		<Unit filename="../src/sdk/resources/lexers/lexer_objc.xml">
			<Option target="scintilla" />
		</Unit>
		<Unit filename="../src/sdk/resources/lexers/lexer_pascal.sample">
			<Option target="scintilla" />
		</Unit>
		<Unit filename="../src/sdk/resources/lexers/lexer_pascal.xml">
			<Option target="scintilla" />
		</Unit>
		<Unit filename="../src/sdk/resources/lexers/lexer_perl.sample">
			<Option target="scintilla" />
		</Unit>
		<Unit filename="../src/sdk/resources/lexers/lexer_perl.xml">
			<Option target="scintilla" />
		</Unit>
		<Unit filename="../src/sdk/resources/lexers/lexer_postscript.sample">
			<Option target="scintilla" />
		</Unit>
		<Unit filename="../src/sdk/resources/lexers/lexer_postscript.xml">
			<Option target="scintilla" />
		</Unit>
		<Unit filename="../src/sdk/resources/lexers/lexer_prg.sample">
			<Option target="scintilla" />
		</Unit>
		<Unit filename="../src/sdk/resources/lexers/lexer_prg.xml">
			<Option target="scintilla" />
		</Unit>
		<Unit filename="../src/sdk/resources/lexers/lexer_properties.sample">
			<Option target="scintilla" />
		</Unit>
		<Unit filename="../src/sdk/resources/lexers/lexer_properties.xml">
			<Option target="scintilla" />
		</Unit>
		<Unit filename="../src/sdk/resources/lexers/lexer_python.sample">
			<Option target="scintilla" />
		</Unit>
		<Unit filename="../src/sdk/resources/lexers/lexer_python.xml">
			<Option target="scintilla" />
		</Unit>
		<Unit filename="../src/sdk/resources/lexers/lexer_rc.sample">
			<Option target="scintilla" />
		</Unit>
		<Unit filename="../src/sdk/resources/lexers/lexer_rc.xml">
			<Option target="scintilla" />
		</Unit>
		<Unit filename="../src/sdk/resources/lexers/lexer_ruby.sample">
			<Option target="scintilla" />
		</Unit>
		<Unit filename="../src/sdk/resources/lexers/lexer_ruby.xml">
			<Option target="scintilla" />
		</Unit>
		<Unit filename="../src/sdk/resources/lexers/lexer_smalltalk.sample">
			<Option target="scintilla" />
		</Unit>
		<Unit filename="../src/sdk/resources/lexers/lexer_smalltalk.xml">
			<Option target="scintilla" />
		</Unit>
		<Unit filename="../src/sdk/resources/lexers/lexer_sql.sample">
			<Option target="scintilla" />
		</Unit>
		<Unit filename="../src/sdk/resources/lexers/lexer_sql.xml">
			<Option target="scintilla" />
		</Unit>
		<Unit filename="../src/sdk/resources/lexers/lexer_squirrel.sample">
			<Option target="scintilla" />
		</Unit>
		<Unit filename="../src/sdk/resources/lexers/lexer_squirrel.xml">
			<Option target="scintilla" />
		</Unit>
		<Unit filename="../src/sdk/resources/lexers/lexer_vbscript.sample">
			<Option target="scintilla" />
		</Unit>
		<Unit filename="../src/sdk/resources/lexers/lexer_vbscript.xml">
			<Option target="scintilla" />
		</Unit>
		<Unit filename="../src/sdk/resources/lexers/lexer_verilog.sample">
			<Option target="scintilla" />
		</Unit>
		<Unit filename="../src/sdk/resources/lexers/lexer_verilog.xml">
			<Option target="scintilla" />
		</Unit>
		<Unit filename="../src/sdk/resources/lexers/lexer_vhdl.sample">
			<Option target="scintilla" />
		</Unit>
		<Unit filename="../src/sdk/resources/lexers/lexer_vhdl.xml">
			<Option target="scintilla" />
		</Unit>
		<Unit filename="../src/sdk/resources/lexers/lexer_xml.sample">
			<Option target="scintilla" />
		</Unit>
		<Unit filename="../src/sdk/resources/lexers/lexer_xml.xml">
			<Option target="scintilla" />
		</Unit>
		<Unit filename="../src/sdk/resources/new_from_template.xrc">
			<Option target="sdk" />
		</Unit>
		<Unit filename="../src/sdk/resources/plugins_configuration.xrc">
			<Option target="sdk" />
		</Unit>
		<Unit filename="../src/sdk/resources/project_manager_file_types.xrc">
			<Option target="sdk" />
		</Unit>
		<Unit filename="../src/sdk/resources/projectfile_options.xrc">
			<Option target="sdk" />
		</Unit>
		<Unit filename="../src/sdk/resources/scripting_security_dlg.xrc">
			<Option target="sdk" />
		</Unit>
		<Unit filename="../src/sdk/resources/select_target.xrc">
			<Option target="sdk" />
		</Unit>
		<Unit filename="../src/sdk/scripting/bindings/sc_consts.cpp">
			<Option target="sdk" />
		</Unit>
		<Unit filename="../src/sdk/scripting/bindings/sc_dialog.cpp">
			<Option target="sdk" />
		</Unit>
		<Unit filename="../src/sdk/scripting/bindings/sc_globals.cpp">
			<Option target="sdk" />
		</Unit>
		<Unit filename="../src/sdk/scripting/bindings/sc_io.cpp">
			<Option target="sdk" />
		</Unit>
		<Unit filename="../src/sdk/scripting/bindings/sc_plugin.cpp">
			<Option target="sdk" />
		</Unit>
		<Unit filename="../src/sdk/scripting/bindings/sc_progress.cpp">
			<Option target="sdk" />
		</Unit>
		<Unit filename="../src/sdk/scripting/bindings/sc_util_dialogs.cpp">
			<Option target="sdk" />
		</Unit>
		<Unit filename="../src/sdk/scripting/bindings/sc_wxtypes.cpp">
			<Option target="sdk" />
		</Unit>
		<Unit filename="../src/sdk/scripting/bindings/scriptbindings.cpp">
			<Option target="sdk" />
		</Unit>
		<Unit filename="../src/sdk/scripting/sqplus/SqPlus.cpp">
			<Option target="SqPlus" />
		</Unit>
		<Unit filename="../src/sdk/scripting/sqplus/SquirrelBindingsUtils.cpp">
			<Option target="SqPlus" />
		</Unit>
		<Unit filename="../src/sdk/scripting/sqplus/SquirrelBindingsUtilsWin32.cpp">
			<Option target="SqPlus" />
		</Unit>
		<Unit filename="../src/sdk/scripting/sqplus/SquirrelObject.cpp">
			<Option target="SqPlus" />
		</Unit>
		<Unit filename="../src/sdk/scripting/sqplus/SquirrelVM.cpp">
			<Option target="SqPlus" />
		</Unit>
		<Unit filename="../src/sdk/scripting/sqstdlib/sqstdaux.cpp">
			<Option target="Squirrel std lib" />
		</Unit>
		<Unit filename="../src/sdk/scripting/sqstdlib/sqstdblob.cpp">
			<Option target="Squirrel std lib" />
		</Unit>
		<Unit filename="../src/sdk/scripting/sqstdlib/sqstdio.cpp">
			<Option target="Squirrel std lib" />
		</Unit>
		<Unit filename="../src/sdk/scripting/sqstdlib/sqstdmath.cpp">
			<Option target="Squirrel std lib" />
		</Unit>
		<Unit filename="../src/sdk/scripting/sqstdlib/sqstdrex.cpp">
			<Option target="Squirrel std lib" />
		</Unit>
		<Unit filename="../src/sdk/scripting/sqstdlib/sqstdstream.cpp">
			<Option target="Squirrel std lib" />
		</Unit>
		<Unit filename="../src/sdk/scripting/sqstdlib/sqstdstring.cpp">
			<Option target="Squirrel std lib" />
		</Unit>
		<Unit filename="../src/sdk/scripting/sqstdlib/sqstdsystem.cpp">
			<Option target="Squirrel std lib" />
		</Unit>
		<Unit filename="../src/sdk/scripting/squirrel/sqapi.cpp">
			<Option target="Squirrel" />
		</Unit>
		<Unit filename="../src/sdk/scripting/squirrel/sqbaselib.cpp">
			<Option target="Squirrel" />
		</Unit>
		<Unit filename="../src/sdk/scripting/squirrel/sqclass.cpp">
			<Option target="Squirrel" />
		</Unit>
		<Unit filename="../src/sdk/scripting/squirrel/sqcompiler.cpp">
			<Option target="Squirrel" />
		</Unit>
		<Unit filename="../src/sdk/scripting/squirrel/sqdebug.cpp">
			<Option target="Squirrel" />
		</Unit>
		<Unit filename="../src/sdk/scripting/squirrel/sqfuncstate.cpp">
			<Option target="Squirrel" />
		</Unit>
		<Unit filename="../src/sdk/scripting/squirrel/sqlexer.cpp">
			<Option target="Squirrel" />
		</Unit>
		<Unit filename="../src/sdk/scripting/squirrel/sqmem.cpp">
			<Option target="Squirrel" />
		</Unit>
		<Unit filename="../src/sdk/scripting/squirrel/sqobject.cpp">
			<Option target="Squirrel" />
		</Unit>
		<Unit filename="../src/sdk/scripting/squirrel/sqstate.cpp">
			<Option target="Squirrel" />
		</Unit>
		<Unit filename="../src/sdk/scripting/squirrel/sqtable.cpp">
			<Option target="Squirrel" />
		</Unit>
		<Unit filename="../src/sdk/scripting/squirrel/sqvm.cpp">
			<Option target="Squirrel" />
		</Unit>
		<Unit filename="../src/sdk/scriptingmanager.cpp">
			<Option target="sdk" />
		</Unit>
		<Unit filename="../src/sdk/scriptsecuritywarningdlg.cpp">
			<Option target="sdk" />
		</Unit>
		<Unit filename="../src/sdk/scrollingdialog.cpp">
			<Option target="sdk" />
		</Unit>
		<Unit filename="../src/sdk/sdk_events.cpp">
			<Option target="sdk" />
		</Unit>
		<Unit filename="../src/sdk/searchresultslog.cpp">
			<Option target="sdk" />
		</Unit>
		<Unit filename="../src/sdk/selecttargetdlg.cpp">
			<Option target="sdk" />
		</Unit>
		<Unit filename="../src/sdk/templatemanager.cpp">
			<Option target="sdk" />
		</Unit>
		<Unit filename="../src/sdk/toolsmanager.cpp">
			<Option target="sdk" />
		</Unit>
		<Unit filename="../src/sdk/uservarmanager.cpp">
			<Option target="sdk" />
		</Unit>
		<Unit filename="../src/sdk/workspaceloader.cpp">
			<Option target="sdk" />
		</Unit>
		<Unit filename="../src/sdk/wxscintilla/include/wx/wxscintilla.h">
			<Option target="scintilla" />
		</Unit>
		<Unit filename="../src/sdk/wxscintilla/src/PlatWX.cpp">
			<Option target="scintilla" />
		</Unit>
		<Unit filename="../src/sdk/wxscintilla/src/PlatWX.h">
			<Option target="scintilla" />
		</Unit>
		<Unit filename="../src/sdk/wxscintilla/src/ScintillaWX.cpp">
			<Option target="scintilla" />
		</Unit>
		<Unit filename="../src/sdk/wxscintilla/src/ScintillaWX.h">
			<Option target="scintilla" />
		</Unit>
		<Unit filename="../src/sdk/wxscintilla/src/scintilla/cppcheck.suppress">
			<Option target="scintilla" />
		</Unit>
		<Unit filename="../src/sdk/wxscintilla/src/scintilla/include/ILexer.h">
			<Option target="scintilla" />
		</Unit>
		<Unit filename="../src/sdk/wxscintilla/src/scintilla/include/Platform.h">
			<Option target="scintilla" />
		</Unit>
		<Unit filename="../src/sdk/wxscintilla/src/scintilla/include/SciLexer.h">
			<Option target="scintilla" />
		</Unit>
		<Unit filename="../src/sdk/wxscintilla/src/scintilla/include/Scintilla.h">
			<Option target="scintilla" />
		</Unit>
		<Unit filename="../src/sdk/wxscintilla/src/scintilla/include/ScintillaWidget.h">
			<Option target="scintilla" />
		</Unit>
		<Unit filename="../src/sdk/wxscintilla/src/scintilla/lexers/LexA68k.cxx">
			<Option target="scintilla" />
		</Unit>
		<Unit filename="../src/sdk/wxscintilla/src/scintilla/lexers/LexAPDL.cxx">
			<Option target="scintilla" />
		</Unit>
		<Unit filename="../src/sdk/wxscintilla/src/scintilla/lexers/LexASY.cxx">
			<Option target="scintilla" />
		</Unit>
		<Unit filename="../src/sdk/wxscintilla/src/scintilla/lexers/LexAU3.cxx">
			<Option target="scintilla" />
		</Unit>
		<Unit filename="../src/sdk/wxscintilla/src/scintilla/lexers/LexAVE.cxx">
			<Option target="scintilla" />
		</Unit>
		<Unit filename="../src/sdk/wxscintilla/src/scintilla/lexers/LexAVS.cxx">
			<Option target="scintilla" />
		</Unit>
		<Unit filename="../src/sdk/wxscintilla/src/scintilla/lexers/LexAbaqus.cxx">
			<Option target="scintilla" />
		</Unit>
		<Unit filename="../src/sdk/wxscintilla/src/scintilla/lexers/LexAda.cxx">
			<Option target="scintilla" />
		</Unit>
		<Unit filename="../src/sdk/wxscintilla/src/scintilla/lexers/LexAsm.cxx">
			<Option target="scintilla" />
		</Unit>
		<Unit filename="../src/sdk/wxscintilla/src/scintilla/lexers/LexAsn1.cxx">
			<Option target="scintilla" />
		</Unit>
		<Unit filename="../src/sdk/wxscintilla/src/scintilla/lexers/LexBaan.cxx">
			<Option target="scintilla" />
		</Unit>
		<Unit filename="../src/sdk/wxscintilla/src/scintilla/lexers/LexBash.cxx">
			<Option target="scintilla" />
		</Unit>
		<Unit filename="../src/sdk/wxscintilla/src/scintilla/lexers/LexBasic.cxx">
			<Option target="scintilla" />
		</Unit>
		<Unit filename="../src/sdk/wxscintilla/src/scintilla/lexers/LexBibTeX.cxx">
			<Option target="scintilla" />
		</Unit>
		<Unit filename="../src/sdk/wxscintilla/src/scintilla/lexers/LexBullant.cxx">
			<Option target="scintilla" />
		</Unit>
		<Unit filename="../src/sdk/wxscintilla/src/scintilla/lexers/LexCLW.cxx">
			<Option target="scintilla" />
		</Unit>
		<Unit filename="../src/sdk/wxscintilla/src/scintilla/lexers/LexCOBOL.cxx">
			<Option target="scintilla" />
		</Unit>
		<Unit filename="../src/sdk/wxscintilla/src/scintilla/lexers/LexCPP.cxx">
			<Option target="scintilla" />
		</Unit>
		<Unit filename="../src/sdk/wxscintilla/src/scintilla/lexers/LexCSS.cxx">
			<Option target="scintilla" />
		</Unit>
		<Unit filename="../src/sdk/wxscintilla/src/scintilla/lexers/LexCaml.cxx">
			<Option target="scintilla" />
		</Unit>
		<Unit filename="../src/sdk/wxscintilla/src/scintilla/lexers/LexCmake.cxx">
			<Option target="scintilla" />
		</Unit>
		<Unit filename="../src/sdk/wxscintilla/src/scintilla/lexers/LexCoffeeScript.cxx">
			<Option target="scintilla" />
		</Unit>
		<Unit filename="../src/sdk/wxscintilla/src/scintilla/lexers/LexConf.cxx">
			<Option target="scintilla" />
		</Unit>
		<Unit filename="../src/sdk/wxscintilla/src/scintilla/lexers/LexCrontab.cxx">
			<Option target="scintilla" />
		</Unit>
		<Unit filename="../src/sdk/wxscintilla/src/scintilla/lexers/LexCsound.cxx">
			<Option target="scintilla" />
		</Unit>
		<Unit filename="../src/sdk/wxscintilla/src/scintilla/lexers/LexD.cxx">
			<Option target="scintilla" />
		</Unit>
		<Unit filename="../src/sdk/wxscintilla/src/scintilla/lexers/LexDMAP.cxx">
			<Option target="scintilla" />
		</Unit>
		<Unit filename="../src/sdk/wxscintilla/src/scintilla/lexers/LexDMIS.cxx">
			<Option target="scintilla" />
		</Unit>
		<Unit filename="../src/sdk/wxscintilla/src/scintilla/lexers/LexECL.cxx">
			<Option target="scintilla" />
		</Unit>
		<Unit filename="../src/sdk/wxscintilla/src/scintilla/lexers/LexEScript.cxx">
			<Option target="scintilla" />
		</Unit>
		<Unit filename="../src/sdk/wxscintilla/src/scintilla/lexers/LexEiffel.cxx">
			<Option target="scintilla" />
		</Unit>
		<Unit filename="../src/sdk/wxscintilla/src/scintilla/lexers/LexErlang.cxx">
			<Option target="scintilla" />
		</Unit>
		<Unit filename="../src/sdk/wxscintilla/src/scintilla/lexers/LexFlagship.cxx">
			<Option target="scintilla" />
		</Unit>
		<Unit filename="../src/sdk/wxscintilla/src/scintilla/lexers/LexForth.cxx">
			<Option target="scintilla" />
		</Unit>
		<Unit filename="../src/sdk/wxscintilla/src/scintilla/lexers/LexFortran.cxx">
			<Option target="scintilla" />
		</Unit>
		<Unit filename="../src/sdk/wxscintilla/src/scintilla/lexers/LexGAP.cxx">
			<Option target="scintilla" />
		</Unit>
		<Unit filename="../src/sdk/wxscintilla/src/scintilla/lexers/LexGui4Cli.cxx">
			<Option target="scintilla" />
		</Unit>
		<Unit filename="../src/sdk/wxscintilla/src/scintilla/lexers/LexHTML.cxx">
			<Option target="scintilla" />
		</Unit>
		<Unit filename="../src/sdk/wxscintilla/src/scintilla/lexers/LexHaskell.cxx">
			<Option target="scintilla" />
		</Unit>
		<Unit filename="../src/sdk/wxscintilla/src/scintilla/lexers/LexHex.cxx">
			<Option target="scintilla" />
		</Unit>
		<Unit filename="../src/sdk/wxscintilla/src/scintilla/lexers/LexInno.cxx">
			<Option target="scintilla" />
		</Unit>
		<Unit filename="../src/sdk/wxscintilla/src/scintilla/lexers/LexKVIrc.cxx">
			<Option target="scintilla" />
		</Unit>
		<Unit filename="../src/sdk/wxscintilla/src/scintilla/lexers/LexKix.cxx">
			<Option target="scintilla" />
		</Unit>
		<Unit filename="../src/sdk/wxscintilla/src/scintilla/lexers/LexLaTeX.cxx">
			<Option target="scintilla" />
		</Unit>
		<Unit filename="../src/sdk/wxscintilla/src/scintilla/lexers/LexLisp.cxx">
			<Option target="scintilla" />
		</Unit>
		<Unit filename="../src/sdk/wxscintilla/src/scintilla/lexers/LexLout.cxx">
			<Option target="scintilla" />
		</Unit>
		<Unit filename="../src/sdk/wxscintilla/src/scintilla/lexers/LexLua.cxx">
			<Option target="scintilla" />
		</Unit>
		<Unit filename="../src/sdk/wxscintilla/src/scintilla/lexers/LexMMIXAL.cxx">
			<Option target="scintilla" />
		</Unit>
		<Unit filename="../src/sdk/wxscintilla/src/scintilla/lexers/LexMPT.cxx">
			<Option target="scintilla" />
		</Unit>
		<Unit filename="../src/sdk/wxscintilla/src/scintilla/lexers/LexMSSQL.cxx">
			<Option target="scintilla" />
		</Unit>
		<Unit filename="../src/sdk/wxscintilla/src/scintilla/lexers/LexMagik.cxx">
			<Option target="scintilla" />
		</Unit>
		<Unit filename="../src/sdk/wxscintilla/src/scintilla/lexers/LexMarkdown.cxx">
			<Option target="scintilla" />
		</Unit>
		<Unit filename="../src/sdk/wxscintilla/src/scintilla/lexers/LexMatlab.cxx">
			<Option target="scintilla" />
		</Unit>
		<Unit filename="../src/sdk/wxscintilla/src/scintilla/lexers/LexMetapost.cxx">
			<Option target="scintilla" />
		</Unit>
		<Unit filename="../src/sdk/wxscintilla/src/scintilla/lexers/LexModula.cxx">
			<Option target="scintilla" />
		</Unit>
		<Unit filename="../src/sdk/wxscintilla/src/scintilla/lexers/LexMySQL.cxx">
			<Option target="scintilla" />
		</Unit>
		<Unit filename="../src/sdk/wxscintilla/src/scintilla/lexers/LexNimrod.cxx">
			<Option target="scintilla" />
		</Unit>
		<Unit filename="../src/sdk/wxscintilla/src/scintilla/lexers/LexNsis.cxx">
			<Option target="scintilla" />
		</Unit>
		<Unit filename="../src/sdk/wxscintilla/src/scintilla/lexers/LexOScript.cxx">
			<Option target="scintilla" />
		</Unit>
		<Unit filename="../src/sdk/wxscintilla/src/scintilla/lexers/LexOpal.cxx">
			<Option target="scintilla" />
		</Unit>
		<Unit filename="../src/sdk/wxscintilla/src/scintilla/lexers/LexOthers.cxx">
			<Option target="scintilla" />
		</Unit>
		<Unit filename="../src/sdk/wxscintilla/src/scintilla/lexers/LexPB.cxx">
			<Option target="scintilla" />
		</Unit>
		<Unit filename="../src/sdk/wxscintilla/src/scintilla/lexers/LexPLM.cxx">
			<Option target="scintilla" />
		</Unit>
		<Unit filename="../src/sdk/wxscintilla/src/scintilla/lexers/LexPO.cxx">
			<Option target="scintilla" />
		</Unit>
		<Unit filename="../src/sdk/wxscintilla/src/scintilla/lexers/LexPOV.cxx">
			<Option target="scintilla" />
		</Unit>
		<Unit filename="../src/sdk/wxscintilla/src/scintilla/lexers/LexPS.cxx">
			<Option target="scintilla" />
		</Unit>
		<Unit filename="../src/sdk/wxscintilla/src/scintilla/lexers/LexPascal.cxx">
			<Option target="scintilla" />
		</Unit>
		<Unit filename="../src/sdk/wxscintilla/src/scintilla/lexers/LexPerl.cxx">
			<Option target="scintilla" />
		</Unit>
		<Unit filename="../src/sdk/wxscintilla/src/scintilla/lexers/LexPowerPro.cxx">
			<Option target="scintilla" />
		</Unit>
		<Unit filename="../src/sdk/wxscintilla/src/scintilla/lexers/LexPowerShell.cxx">
			<Option target="scintilla" />
		</Unit>
		<Unit filename="../src/sdk/wxscintilla/src/scintilla/lexers/LexProgress.cxx">
			<Option target="scintilla" />
		</Unit>
		<Unit filename="../src/sdk/wxscintilla/src/scintilla/lexers/LexPython.cxx">
			<Option target="scintilla" />
		</Unit>
		<Unit filename="../src/sdk/wxscintilla/src/scintilla/lexers/LexR.cxx">
			<Option target="scintilla" />
		</Unit>
		<Unit filename="../src/sdk/wxscintilla/src/scintilla/lexers/LexRebol.cxx">
			<Option target="scintilla" />
		</Unit>
		<Unit filename="../src/sdk/wxscintilla/src/scintilla/lexers/LexRegistry.cxx">
			<Option target="scintilla" />
		</Unit>
		<Unit filename="../src/sdk/wxscintilla/src/scintilla/lexers/LexRuby.cxx">
			<Option target="scintilla" />
		</Unit>
		<Unit filename="../src/sdk/wxscintilla/src/scintilla/lexers/LexRust.cxx">
			<Option target="scintilla" />
		</Unit>
		<Unit filename="../src/sdk/wxscintilla/src/scintilla/lexers/LexSML.cxx">
			<Option target="scintilla" />
		</Unit>
		<Unit filename="../src/sdk/wxscintilla/src/scintilla/lexers/LexSQL.cxx">
			<Option target="scintilla" />
		</Unit>
		<Unit filename="../src/sdk/wxscintilla/src/scintilla/lexers/LexSTTXT.cxx">
			<Option target="scintilla" />
		</Unit>
		<Unit filename="../src/sdk/wxscintilla/src/scintilla/lexers/LexScriptol.cxx">
			<Option target="scintilla" />
		</Unit>
		<Unit filename="../src/sdk/wxscintilla/src/scintilla/lexers/LexSmalltalk.cxx">
			<Option target="scintilla" />
		</Unit>
		<Unit filename="../src/sdk/wxscintilla/src/scintilla/lexers/LexSorcus.cxx">
			<Option target="scintilla" />
		</Unit>
		<Unit filename="../src/sdk/wxscintilla/src/scintilla/lexers/LexSpecman.cxx">
			<Option target="scintilla" />
		</Unit>
		<Unit filename="../src/sdk/wxscintilla/src/scintilla/lexers/LexSpice.cxx">
			<Option target="scintilla" />
		</Unit>
		<Unit filename="../src/sdk/wxscintilla/src/scintilla/lexers/LexTACL.cxx">
			<Option target="scintilla" />
		</Unit>
		<Unit filename="../src/sdk/wxscintilla/src/scintilla/lexers/LexTADS3.cxx">
			<Option target="scintilla" />
		</Unit>
		<Unit filename="../src/sdk/wxscintilla/src/scintilla/lexers/LexTAL.cxx">
			<Option target="scintilla" />
		</Unit>
		<Unit filename="../src/sdk/wxscintilla/src/scintilla/lexers/LexTCL.cxx">
			<Option target="scintilla" />
		</Unit>
		<Unit filename="../src/sdk/wxscintilla/src/scintilla/lexers/LexTCMD.cxx">
			<Option target="scintilla" />
		</Unit>
		<Unit filename="../src/sdk/wxscintilla/src/scintilla/lexers/LexTeX.cxx">
			<Option target="scintilla" />
		</Unit>
		<Unit filename="../src/sdk/wxscintilla/src/scintilla/lexers/LexTxt2tags.cxx">
			<Option target="scintilla" />
		</Unit>
		<Unit filename="../src/sdk/wxscintilla/src/scintilla/lexers/LexVB.cxx">
			<Option target="scintilla" />
		</Unit>
		<Unit filename="../src/sdk/wxscintilla/src/scintilla/lexers/LexVHDL.cxx">
			<Option target="scintilla" />
		</Unit>
		<Unit filename="../src/sdk/wxscintilla/src/scintilla/lexers/LexVerilog.cxx">
			<Option target="scintilla" />
		</Unit>
		<Unit filename="../src/sdk/wxscintilla/src/scintilla/lexers/LexVisualProlog.cxx">
			<Option target="scintilla" />
		</Unit>
		<Unit filename="../src/sdk/wxscintilla/src/scintilla/lexers/LexYAML.cxx">
			<Option target="scintilla" />
		</Unit>
		<Unit filename="../src/sdk/wxscintilla/src/scintilla/lexlib/Accessor.cxx">
			<Option target="scintilla" />
		</Unit>
		<Unit filename="../src/sdk/wxscintilla/src/scintilla/lexlib/Accessor.h">
			<Option target="scintilla" />
		</Unit>
		<Unit filename="../src/sdk/wxscintilla/src/scintilla/lexlib/CharacterCategory.cxx">
			<Option target="scintilla" />
		</Unit>
		<Unit filename="../src/sdk/wxscintilla/src/scintilla/lexlib/CharacterCategory.h">
			<Option target="scintilla" />
		</Unit>
		<Unit filename="../src/sdk/wxscintilla/src/scintilla/lexlib/CharacterSet.cxx">
			<Option target="scintilla" />
		</Unit>
		<Unit filename="../src/sdk/wxscintilla/src/scintilla/lexlib/CharacterSet.h">
			<Option target="scintilla" />
		</Unit>
		<Unit filename="../src/sdk/wxscintilla/src/scintilla/lexlib/LexAccessor.h">
			<Option target="scintilla" />
		</Unit>
		<Unit filename="../src/sdk/wxscintilla/src/scintilla/lexlib/LexerBase.cxx">
			<Option target="scintilla" />
		</Unit>
		<Unit filename="../src/sdk/wxscintilla/src/scintilla/lexlib/LexerBase.h">
			<Option target="scintilla" />
		</Unit>
		<Unit filename="../src/sdk/wxscintilla/src/scintilla/lexlib/LexerModule.cxx">
			<Option target="scintilla" />
		</Unit>
		<Unit filename="../src/sdk/wxscintilla/src/scintilla/lexlib/LexerModule.h">
			<Option target="scintilla" />
		</Unit>
		<Unit filename="../src/sdk/wxscintilla/src/scintilla/lexlib/LexerNoExceptions.cxx">
			<Option target="scintilla" />
		</Unit>
		<Unit filename="../src/sdk/wxscintilla/src/scintilla/lexlib/LexerNoExceptions.h">
			<Option target="scintilla" />
		</Unit>
		<Unit filename="../src/sdk/wxscintilla/src/scintilla/lexlib/LexerSimple.cxx">
			<Option target="scintilla" />
		</Unit>
		<Unit filename="../src/sdk/wxscintilla/src/scintilla/lexlib/LexerSimple.h">
			<Option target="scintilla" />
		</Unit>
		<Unit filename="../src/sdk/wxscintilla/src/scintilla/lexlib/OptionSet.h">
			<Option target="scintilla" />
		</Unit>
		<Unit filename="../src/sdk/wxscintilla/src/scintilla/lexlib/PropSetSimple.cxx">
			<Option target="scintilla" />
		</Unit>
		<Unit filename="../src/sdk/wxscintilla/src/scintilla/lexlib/PropSetSimple.h">
			<Option target="scintilla" />
		</Unit>
		<Unit filename="../src/sdk/wxscintilla/src/scintilla/lexlib/SparseState.h">
			<Option target="scintilla" />
		</Unit>
		<Unit filename="../src/sdk/wxscintilla/src/scintilla/lexlib/StringCopy.h">
			<Option target="scintilla" />
		</Unit>
		<Unit filename="../src/sdk/wxscintilla/src/scintilla/lexlib/StyleContext.cxx">
			<Option target="scintilla" />
		</Unit>
		<Unit filename="../src/sdk/wxscintilla/src/scintilla/lexlib/StyleContext.h">
			<Option target="scintilla" />
		</Unit>
		<Unit filename="../src/sdk/wxscintilla/src/scintilla/lexlib/SubStyles.h">
			<Option target="scintilla" />
		</Unit>
		<Unit filename="../src/sdk/wxscintilla/src/scintilla/lexlib/WordList.cxx">
			<Option target="scintilla" />
		</Unit>
		<Unit filename="../src/sdk/wxscintilla/src/scintilla/lexlib/WordList.h">
			<Option target="scintilla" />
		</Unit>
		<Unit filename="../src/sdk/wxscintilla/src/scintilla/src/AutoComplete.cxx">
			<Option target="scintilla" />
		</Unit>
		<Unit filename="../src/sdk/wxscintilla/src/scintilla/src/AutoComplete.h">
			<Option target="scintilla" />
		</Unit>
		<Unit filename="../src/sdk/wxscintilla/src/scintilla/src/CallTip.cxx">
			<Option target="scintilla" />
		</Unit>
		<Unit filename="../src/sdk/wxscintilla/src/scintilla/src/CallTip.h">
			<Option target="scintilla" />
		</Unit>
		<Unit filename="../src/sdk/wxscintilla/src/scintilla/src/CaseConvert.cxx">
			<Option target="scintilla" />
		</Unit>
		<Unit filename="../src/sdk/wxscintilla/src/scintilla/src/CaseConvert.h">
			<Option target="scintilla" />
		</Unit>
		<Unit filename="../src/sdk/wxscintilla/src/scintilla/src/CaseFolder.cxx">
			<Option target="scintilla" />
		</Unit>
		<Unit filename="../src/sdk/wxscintilla/src/scintilla/src/CaseFolder.h">
			<Option target="scintilla" />
		</Unit>
		<Unit filename="../src/sdk/wxscintilla/src/scintilla/src/Catalogue.cxx">
			<Option target="scintilla" />
		</Unit>
		<Unit filename="../src/sdk/wxscintilla/src/scintilla/src/Catalogue.h">
			<Option target="scintilla" />
		</Unit>
		<Unit filename="../src/sdk/wxscintilla/src/scintilla/src/CellBuffer.cxx">
			<Option target="scintilla" />
		</Unit>
		<Unit filename="../src/sdk/wxscintilla/src/scintilla/src/CellBuffer.h">
			<Option target="scintilla" />
		</Unit>
		<Unit filename="../src/sdk/wxscintilla/src/scintilla/src/CharClassify.cxx">
			<Option target="scintilla" />
		</Unit>
		<Unit filename="../src/sdk/wxscintilla/src/scintilla/src/CharClassify.h">
			<Option target="scintilla" />
		</Unit>
		<Unit filename="../src/sdk/wxscintilla/src/scintilla/src/ContractionState.cxx">
			<Option target="scintilla" />
		</Unit>
		<Unit filename="../src/sdk/wxscintilla/src/scintilla/src/ContractionState.h">
			<Option target="scintilla" />
		</Unit>
		<Unit filename="../src/sdk/wxscintilla/src/scintilla/src/Decoration.cxx">
			<Option target="scintilla" />
		</Unit>
		<Unit filename="../src/sdk/wxscintilla/src/scintilla/src/Decoration.h">
			<Option target="scintilla" />
		</Unit>
		<Unit filename="../src/sdk/wxscintilla/src/scintilla/src/Document.cxx">
			<Option target="scintilla" />
		</Unit>
		<Unit filename="../src/sdk/wxscintilla/src/scintilla/src/Document.h">
			<Option target="scintilla" />
		</Unit>
		<Unit filename="../src/sdk/wxscintilla/src/scintilla/src/EditModel.cxx">
			<Option target="scintilla" />
		</Unit>
		<Unit filename="../src/sdk/wxscintilla/src/scintilla/src/EditModel.h">
			<Option target="scintilla" />
		</Unit>
		<Unit filename="../src/sdk/wxscintilla/src/scintilla/src/EditView.cxx">
			<Option target="scintilla" />
		</Unit>
		<Unit filename="../src/sdk/wxscintilla/src/scintilla/src/EditView.h">
			<Option target="scintilla" />
		</Unit>
		<Unit filename="../src/sdk/wxscintilla/src/scintilla/src/Editor.cxx">
			<Option target="scintilla" />
		</Unit>
		<Unit filename="../src/sdk/wxscintilla/src/scintilla/src/Editor.h">
			<Option target="scintilla" />
		</Unit>
		<Unit filename="../src/sdk/wxscintilla/src/scintilla/src/ExternalLexer.cxx">
			<Option target="scintilla" />
		</Unit>
		<Unit filename="../src/sdk/wxscintilla/src/scintilla/src/ExternalLexer.h">
			<Option target="scintilla" />
		</Unit>
		<Unit filename="../src/sdk/wxscintilla/src/scintilla/src/FontQuality.h">
			<Option target="scintilla" />
		</Unit>
		<Unit filename="../src/sdk/wxscintilla/src/scintilla/src/Indicator.cxx">
			<Option target="scintilla" />
		</Unit>
		<Unit filename="../src/sdk/wxscintilla/src/scintilla/src/Indicator.h">
			<Option target="scintilla" />
		</Unit>
		<Unit filename="../src/sdk/wxscintilla/src/scintilla/src/KeyMap.cxx">
			<Option target="scintilla" />
		</Unit>
		<Unit filename="../src/sdk/wxscintilla/src/scintilla/src/KeyMap.h">
			<Option target="scintilla" />
		</Unit>
		<Unit filename="../src/sdk/wxscintilla/src/scintilla/src/LineMarker.cxx">
			<Option target="scintilla" />
		</Unit>
		<Unit filename="../src/sdk/wxscintilla/src/scintilla/src/LineMarker.h">
			<Option target="scintilla" />
		</Unit>
		<Unit filename="../src/sdk/wxscintilla/src/scintilla/src/MarginView.cxx">
			<Option target="scintilla" />
		</Unit>
		<Unit filename="../src/sdk/wxscintilla/src/scintilla/src/MarginView.h">
			<Option target="scintilla" />
		</Unit>
		<Unit filename="../src/sdk/wxscintilla/src/scintilla/src/Partitioning.h">
			<Option target="scintilla" />
		</Unit>
		<Unit filename="../src/sdk/wxscintilla/src/scintilla/src/PerLine.cxx">
			<Option target="scintilla" />
		</Unit>
		<Unit filename="../src/sdk/wxscintilla/src/scintilla/src/PerLine.h">
			<Option target="scintilla" />
		</Unit>
		<Unit filename="../src/sdk/wxscintilla/src/scintilla/src/PositionCache.cxx">
			<Option target="scintilla" />
		</Unit>
		<Unit filename="../src/sdk/wxscintilla/src/scintilla/src/PositionCache.h">
			<Option target="scintilla" />
		</Unit>
		<Unit filename="../src/sdk/wxscintilla/src/scintilla/src/RESearch.cxx">
			<Option target="scintilla" />
		</Unit>
		<Unit filename="../src/sdk/wxscintilla/src/scintilla/src/RESearch.h">
			<Option target="scintilla" />
		</Unit>
		<Unit filename="../src/sdk/wxscintilla/src/scintilla/src/RunStyles.cxx">
			<Option target="scintilla" />
		</Unit>
		<Unit filename="../src/sdk/wxscintilla/src/scintilla/src/RunStyles.h">
			<Option target="scintilla" />
		</Unit>
		<Unit filename="../src/sdk/wxscintilla/src/scintilla/src/ScintillaBase.cxx">
			<Option target="scintilla" />
		</Unit>
		<Unit filename="../src/sdk/wxscintilla/src/scintilla/src/ScintillaBase.h">
			<Option target="scintilla" />
		</Unit>
		<Unit filename="../src/sdk/wxscintilla/src/scintilla/src/Selection.cxx">
			<Option target="scintilla" />
		</Unit>
		<Unit filename="../src/sdk/wxscintilla/src/scintilla/src/Selection.h">
			<Option target="scintilla" />
		</Unit>
		<Unit filename="../src/sdk/wxscintilla/src/scintilla/src/SplitVector.h">
			<Option target="scintilla" />
		</Unit>
		<Unit filename="../src/sdk/wxscintilla/src/scintilla/src/Style.cxx">
			<Option target="scintilla" />
		</Unit>
		<Unit filename="../src/sdk/wxscintilla/src/scintilla/src/Style.h">
			<Option target="scintilla" />
		</Unit>
		<Unit filename="../src/sdk/wxscintilla/src/scintilla/src/UniConversion.cxx">
			<Option target="scintilla" />
		</Unit>
		<Unit filename="../src/sdk/wxscintilla/src/scintilla/src/UniConversion.h">
			<Option target="scintilla" />
		</Unit>
		<Unit filename="../src/sdk/wxscintilla/src/scintilla/src/UnicodeFromUTF8.h">
			<Option target="scintilla" />
		</Unit>
		<Unit filename="../src/sdk/wxscintilla/src/scintilla/src/ViewStyle.cxx">
			<Option target="scintilla" />
		</Unit>
		<Unit filename="../src/sdk/wxscintilla/src/scintilla/src/ViewStyle.h">
			<Option target="scintilla" />
		</Unit>
		<Unit filename="../src/sdk/wxscintilla/src/scintilla/src/XPM.cxx">
			<Option target="scintilla" />
		</Unit>
		<Unit filename="../src/sdk/wxscintilla/src/scintilla/src/XPM.h">
			<Option target="scintilla" />
		</Unit>
		<Unit filename="../src/sdk/wxscintilla/src/wxscintilla.cpp">
			<Option target="scintilla" />
		</Unit>
		<Unit filename="../src/sdk/xtra_res.cpp">
			<Option target="sdk" />
		</Unit>
		<Unit filename="../src/src/app.cpp">
			<Option target="src" />
		</Unit>
		<Unit filename="../src/src/app.h">
			<Option target="src" />
		</Unit>
		<Unit filename="../src/src/appglobals.cpp">
			<Option target="src" />
		</Unit>
		<Unit filename="../src/src/appglobals.h">
			<Option target="src" />
		</Unit>
		<Unit filename="../src/src/associations.cpp">
			<Option target="src" />
		</Unit>
		<Unit filename="../src/src/associations.h">
			<Option target="src" />
		</Unit>
		<Unit filename="../src/src/backtracedlg.cpp">
			<Option target="src" />
		</Unit>
		<Unit filename="../src/src/backtracedlg.h">
			<Option target="src" />
		</Unit>
		<Unit filename="../src/src/batchbuild.h">
			<Option target="src" />
		</Unit>
		<Unit filename="../src/src/breakpointsdlg.cpp">
			<Option target="src" />
		</Unit>
		<Unit filename="../src/src/breakpointsdlg.h">
			<Option target="src" />
		</Unit>
		<Unit filename="../src/src/compilersettingsdlg.cpp">
			<Option target="src" />
		</Unit>
		<Unit filename="../src/src/compilersettingsdlg.h">
			<Option target="src" />
		</Unit>
		<Unit filename="../src/src/cpuregistersdlg.cpp">
			<Option target="src" />
		</Unit>
		<Unit filename="../src/src/cpuregistersdlg.h">
			<Option target="src" />
		</Unit>
		<Unit filename="../src/src/crashhandler.cpp">
			<Option target="src" />
		</Unit>
		<Unit filename="../src/src/crashhandler.h">
			<Option target="src" />
		</Unit>
		<Unit filename="../src/src/debugger_interface_creator.cpp">
			<Option target="src" />
		</Unit>
		<Unit filename="../src/src/debugger_interface_creator.h">
			<Option target="src" />
		</Unit>
		<Unit filename="../src/src/debuggermenu.cpp">
			<Option target="src" />
		</Unit>
		<Unit filename="../src/src/debuggermenu.h">
			<Option target="src" />
		</Unit>
		<Unit filename="../src/src/debuggersettingscommonpanel.cpp">
			<Option target="src" />
		</Unit>
		<Unit filename="../src/src/debuggersettingscommonpanel.h">
			<Option target="src" />
		</Unit>
		<Unit filename="../src/src/debuggersettingsdlg.cpp">
			<Option target="src" />
		</Unit>
		<Unit filename="../src/src/debuggersettingsdlg.h">
			<Option target="src" />
		</Unit>
		<Unit filename="../src/src/debuggersettingspanel.cpp">
			<Option target="src" />
		</Unit>
		<Unit filename="../src/src/debuggersettingspanel.h">
			<Option target="src" />
		</Unit>
		<Unit filename="../src/src/disassemblydlg.cpp">
			<Option target="src" />
		</Unit>
		<Unit filename="../src/src/disassemblydlg.h">
			<Option target="src" />
		</Unit>
		<Unit filename="../src/src/dlgabout.cpp">
			<Option target="src" />
		</Unit>
		<Unit filename="../src/src/dlgabout.h">
			<Option target="src" />
		</Unit>
		<Unit filename="../src/src/dlgaboutplugin.cpp">
			<Option target="src" />
		</Unit>
		<Unit filename="../src/src/dlgaboutplugin.h">
			<Option target="src" />
		</Unit>
		<Unit filename="../src/src/editkeywordsdlg.cpp">
			<Option target="src" />
		</Unit>
		<Unit filename="../src/src/editkeywordsdlg.h">
			<Option target="src" />
		</Unit>
		<Unit filename="../src/src/editorconfigurationdlg.cpp">
			<Option target="src" />
		</Unit>
		<Unit filename="../src/src/editorconfigurationdlg.h">
			<Option target="src" />
		</Unit>
		<Unit filename="../src/src/environmentsettingsdlg.cpp">
			<Option target="src" />
		</Unit>
		<Unit filename="../src/src/environmentsettingsdlg.h">
			<Option target="src" />
		</Unit>
		<Unit filename="../src/src/examinememorydlg.cpp">
			<Option target="src" />
		</Unit>
		<Unit filename="../src/src/examinememorydlg.h">
			<Option target="src" />
		</Unit>
		<Unit filename="../src/src/find_replace.cpp">
			<Option target="src" />
		</Unit>
		<Unit filename="../src/src/find_replace.h">
			<Option target="src" />
		</Unit>
		<Unit filename="../src/src/infopane.cpp">
			<Option target="src" />
		</Unit>
		<Unit filename="../src/src/infopane.h">
			<Option target="src" />
		</Unit>
		<Unit filename="../src/src/main.cpp">
			<Option target="src" />
		</Unit>
		<Unit filename="../src/src/main.h">
			<Option target="src" />
		</Unit>
		<Unit filename="../src/src/notebookstyles.cpp">
			<Option target="src" />
		</Unit>
		<Unit filename="../src/src/notebookstyles.h">
			<Option target="src" />
		</Unit>
		<Unit filename="../src/src/prefix.cpp">
			<Option compile="0" />
			<Option link="0" />
			<Option target="src" />
		</Unit>
		<Unit filename="../src/src/prefix.h">
			<Option target="src" />
		</Unit>
		<Unit filename="../src/src/printdlg.cpp">
			<Option target="src" />
		</Unit>
		<Unit filename="../src/src/printdlg.h">
			<Option target="src" />
		</Unit>
		<Unit filename="../src/src/projectdepsdlg.cpp">
			<Option target="src" />
		</Unit>
		<Unit filename="../src/src/projectdepsdlg.h">
			<Option target="src" />
		</Unit>
		<Unit filename="../src/src/projectmanagerui.cpp">
			<Option target="src" />
		</Unit>
		<Unit filename="../src/src/projectmanagerui.h">
			<Option target="src" />
		</Unit>
		<Unit filename="../src/src/projectoptionsdlg.cpp">
			<Option target="src" />
		</Unit>
		<Unit filename="../src/src/projectoptionsdlg.h">
			<Option target="src" />
		</Unit>
		<Unit filename="../src/src/recentitemslist.cpp">
			<Option target="src" />
		</Unit>
		<Unit filename="../src/src/recentitemslist.h">
			<Option target="src" />
		</Unit>
		<Unit filename="../src/src/resources/app_compiler_settings.xrc">
			<Option target="src" />
		</Unit>
		<Unit filename="../src/src/resources/ask_assocs.xrc">
			<Option target="src" />
		</Unit>
		<Unit filename="../src/src/resources/debugger_menu.xrc">
			<Option target="src" />
		</Unit>
		<Unit filename="../src/src/resources/debugger_toolbar.xrc">
			<Option target="src" />
		</Unit>
		<Unit filename="../src/src/resources/debugger_toolbar_16x16.xrc">
			<Option target="src" />
		</Unit>
		<Unit filename="../src/src/resources/disassembly.xrc">
			<Option target="src" />
		</Unit>
		<Unit filename="../src/src/resources/dlg_about.xrc">
			<Option target="src" />
		</Unit>
		<Unit filename="../src/src/resources/dlg_about_plugin.xrc">
			<Option target="src" />
		</Unit>
		<Unit filename="../src/src/resources/edit_keywords.xrc">
			<Option target="src" />
		</Unit>
		<Unit filename="../src/src/resources/editor_configuration.xrc">
			<Option target="src" />
		</Unit>
		<Unit filename="../src/src/resources/env_settings.xrc">
			<Option target="src" />
		</Unit>
		<Unit filename="../src/src/resources/main_menu.xrc">
			<Option target="src" />
		</Unit>
		<Unit filename="../src/src/resources/main_toolbar.xrc">
			<Option target="src" />
		</Unit>
		<Unit filename="../src/src/resources/main_toolbar_16x16.xrc">
			<Option target="src" />
		</Unit>
		<Unit filename="../src/src/resources/manage_assocs.xrc">
			<Option target="src" />
		</Unit>
		<Unit filename="../src/src/resources/memdump.xrc">
			<Option target="src" />
		</Unit>
		<Unit filename="../src/src/resources/print_dialog.xrc">
			<Option target="src" />
		</Unit>
		<Unit filename="../src/src/resources/project_deps.xrc">
			<Option target="src" />
		</Unit>
		<Unit filename="../src/src/resources/project_options.xrc">
			<Option target="src" />
		</Unit>
		<Unit filename="../src/src/resources/resources.rc">
			<Option compilerVar="WINDRES" />
			<Option target="src" />
		</Unit>
		<Unit filename="../src/src/resources/scripting_settings.xrc">
			<Option target="src" />
		</Unit>
		<Unit filename="../src/src/resources/start_here/start_here.html">
			<Option target="src" />
		</Unit>
		<Unit filename="../src/src/resources/virtualbuildtargetsdlg.xrc">
			<Option target="src" />
		</Unit>
		<Unit filename="../src/src/scriptconsole.cpp">
			<Option target="src" />
		</Unit>
		<Unit filename="../src/src/scriptconsole.h">
			<Option target="src" />
		</Unit>
		<Unit filename="../src/src/scriptingsettingsdlg.cpp">
			<Option target="src" />
		</Unit>
		<Unit filename="../src/src/scriptingsettingsdlg.h">
			<Option target="src" />
		</Unit>
		<Unit filename="../src/src/splashscreen.cpp">
			<Option target="src" />
		</Unit>
		<Unit filename="../src/src/splashscreen.h">
			<Option target="src" />
		</Unit>
		<Unit filename="../src/src/startherepage.cpp">
			<Option target="src" />
		</Unit>
		<Unit filename="../src/src/startherepage.h">
			<Option target="src" />
		</Unit>
		<Unit filename="../src/src/switcherdlg.cpp">
			<Option target="src" />
		</Unit>
		<Unit filename="../src/src/switcherdlg.h">
			<Option target="src" />
		</Unit>
		<Unit filename="../src/src/threadsdlg.cpp">
			<Option target="src" />
		</Unit>
		<Unit filename="../src/src/threadsdlg.h">
			<Option target="src" />
		</Unit>
		<Unit filename="../src/src/virtualbuildtargetsdlg.cpp">
			<Option target="src" />
		</Unit>
		<Unit filename="../src/src/virtualbuildtargetsdlg.h">
			<Option target="src" />
		</Unit>
		<Unit filename="../src/src/watchesdlg.cpp">
			<Option target="src" />
		</Unit>
		<Unit filename="../src/src/watchesdlg.h">
			<Option target="src" />
		</Unit>
		<Unit filename="../src/tips.txt">
			<Option target="src" />
		</Unit>
		<Unit filename="../src/tools/ConsoleRunner/main.cpp">
			<Option target="ConsoleRunner" />
		</Unit>
		<Unit filename="../src/wxsmith/debuggersettingscommonpanel.wxs">
			<Option target="src" />
		</Unit>
		<Unit filename="../src/wxsmith/debuggersettingsdlg.wxs">
			<Option target="src" />
		</Unit>
		<Unit filename="../src/wxsmith/debuggersettingspanel.wxs">
			<Option target="src" />
		</Unit>
		<Extensions>
			<code_completion />
			<envvars />
			<wxsmith version="1">
				<resources>
					<wxScrollingDialog wxs="wxsmith/VirtualBuildTargetsDlg.wxs" src="src/virtualbuildtargetsdlg.cpp" hdr="src/virtualbuildtargetsdlg.h" xrc="src/resources/virtualbuildtargetsdlg.xrc" fwddecl="0" i18n="1" name="VirtualBuildTargetsDlg" language="CPP" />
					<wxScrollingDialog wxs="wxsmith/databreakpointdlg.wxs" src="plugins/debuggergdb/databreakpointdlg.cpp" hdr="plugins/debuggergdb/databreakpointdlg.h" fwddecl="0" i18n="1" name="DataBreakpointDlg" language="CPP" />
					<wxScrollingDialog wxs="wxsmith/CCDebugInfo.wxs" src="plugins/codecompletion/parser/ccdebuginfo.cpp" hdr="plugins/codecompletion/parser/ccdebuginfo.h" fwddecl="0" i18n="1" name="CCDebugInfo" language="CPP" />
					<wxPanel wxs="wxsmith/ScriptConsole.wxs" src="src/scriptconsole.cpp" hdr="src/scriptconsole.h" fwddecl="0" i18n="1" name="ScriptConsole" language="CPP" />
					<wxPanel wxs="wxsmith/BuildTargetPanel.wxs" src="plugins/scriptedwizard/buildtargetpanel.cpp" hdr="plugins/scriptedwizard/buildtargetpanel.h" fwddecl="0" i18n="1" name="BuildTargetPanel" language="CPP" />
					<wxPanel wxs="wxsmith/CompilerPanel.wxs" src="plugins/scriptedwizard/compilerpanel.cpp" hdr="plugins/scriptedwizard/compilerpanel.h" fwddecl="0" i18n="1" name="CompilerPanel" language="CPP" />
					<wxPanel wxs="wxsmith/FilePathPanel.wxs" src="plugins/scriptedwizard/filepathpanel.cpp" hdr="plugins/scriptedwizard/filepathpanel.h" fwddecl="0" i18n="1" name="FilePathPanel" language="CPP" />
					<wxPanel wxs="wxsmith/GenericSelectPath.wxs" src="plugins/scriptedwizard/genericselectpath.cpp" hdr="plugins/scriptedwizard/genericselectpath.h" fwddecl="0" i18n="1" name="GenericSelectPath" language="CPP" />
					<wxPanel wxs="wxsmith/GenericSingleChoiceList.wxs" src="plugins/scriptedwizard/genericsinglechoicelist.cpp" hdr="plugins/scriptedwizard/genericsinglechoicelist.h" fwddecl="0" i18n="1" name="GenericSingleChoiceList" language="CPP" />
					<wxPanel wxs="wxsmith/InfoPanel.wxs" src="plugins/scriptedwizard/infopanel.cpp" hdr="plugins/scriptedwizard/infopanel.h" fwddecl="0" i18n="1" name="InfoPanel" language="CPP" />
					<wxPanel wxs="wxsmith/ProjectPathPanel.wxs" src="plugins/scriptedwizard/projectpathpanel.cpp" hdr="plugins/scriptedwizard/projectpathpanel.h" fwddecl="0" i18n="1" name="ProjectPathPanel" language="CPP" />
					<wxPanel wxs="wxsmith/EmbeddedHtmlPanel.wxs" src="plugins/defaultmimehandler/EmbeddedHtmlPanel.cpp" hdr="plugins/defaultmimehandler/EmbeddedHtmlPanel.h" fwddecl="1" i18n="1" name="EmbeddedHtmlPanel" language="CPP" />
					<wxScrollingDialog wxs="wxsmith/debuggersettingsdlg.wxs" src="src/debuggersettingsdlg.cpp" hdr="src/debuggersettingsdlg.h" fwddecl="0" i18n="1" name="DebuggerSettingsDlg" language="CPP" />
					<wxPanel wxs="wxsmith/debuggersettingspanel.wxs" src="src/debuggersettingspanel.cpp" hdr="src/debuggersettingspanel.h" fwddecl="0" i18n="1" name="DebuggerSettingsPanel" language="CPP" />
					<wxPanel wxs="wxsmith/debuggersettingscommonpanel.wxs" src="src/debuggersettingscommonpanel.cpp" hdr="src/debuggersettingscommonpanel.h" fwddecl="0" i18n="1" name="DebuggerSettingsCommonPanel" language="CPP" />
				</resources>
			</wxsmith>
			<debugger />
		</Extensions>
	</Project>
</CodeBlocks_project_file>
